PODS:
  - abseil/algorithm (0.20200225.0):
    - abseil/algorithm/algorithm (= 0.20200225.0)
    - abseil/algorithm/container (= 0.20200225.0)
  - abseil/algorithm/algorithm (0.20200225.0):
    - abseil/base/config
  - abseil/algorithm/container (0.20200225.0):
    - abseil/algorithm/algorithm
    - abseil/base/core_headers
    - abseil/meta/type_traits
  - abseil/base (0.20200225.0):
    - abseil/base/atomic_hook (= 0.20200225.0)
    - abseil/base/base (= 0.20200225.0)
    - abseil/base/base_internal (= 0.20200225.0)
    - abseil/base/bits (= 0.20200225.0)
    - abseil/base/config (= 0.20200225.0)
    - abseil/base/core_headers (= 0.20200225.0)
    - abseil/base/dynamic_annotations (= 0.20200225.0)
    - abseil/base/endian (= 0.20200225.0)
    - abseil/base/errno_saver (= 0.20200225.0)
    - abseil/base/exponential_biased (= 0.20200225.0)
    - abseil/base/log_severity (= 0.20200225.0)
    - abseil/base/malloc_internal (= 0.20200225.0)
    - abseil/base/periodic_sampler (= 0.20200225.0)
    - abseil/base/pretty_function (= 0.20200225.0)
    - abseil/base/raw_logging_internal (= 0.20200225.0)
    - abseil/base/spinlock_wait (= 0.20200225.0)
    - abseil/base/throw_delegate (= 0.20200225.0)
  - abseil/base/atomic_hook (0.20200225.0):
    - abseil/base/config
    - abseil/base/core_headers
  - abseil/base/base (0.20200225.0):
    - abseil/base/atomic_hook
    - abseil/base/base_internal
    - abseil/base/config
    - abseil/base/core_headers
    - abseil/base/dynamic_annotations
    - abseil/base/log_severity
    - abseil/base/raw_logging_internal
    - abseil/base/spinlock_wait
    - abseil/meta/type_traits
  - abseil/base/base_internal (0.20200225.0):
    - abseil/base/config
    - abseil/meta/type_traits
  - abseil/base/bits (0.20200225.0):
    - abseil/base/config
    - abseil/base/core_headers
  - abseil/base/config (0.20200225.0)
  - abseil/base/core_headers (0.20200225.0):
    - abseil/base/config
  - abseil/base/dynamic_annotations (0.20200225.0)
  - abseil/base/endian (0.20200225.0):
    - abseil/base/config
    - abseil/base/core_headers
  - abseil/base/errno_saver (0.20200225.0):
    - abseil/base/config
  - abseil/base/exponential_biased (0.20200225.0):
    - abseil/base/config
    - abseil/base/core_headers
  - abseil/base/log_severity (0.20200225.0):
    - abseil/base/config
    - abseil/base/core_headers
  - abseil/base/malloc_internal (0.20200225.0):
    - abseil/base/base
    - abseil/base/base_internal
    - abseil/base/config
    - abseil/base/core_headers
    - abseil/base/dynamic_annotations
    - abseil/base/raw_logging_internal
  - abseil/base/periodic_sampler (0.20200225.0):
    - abseil/base/core_headers
    - abseil/base/exponential_biased
  - abseil/base/pretty_function (0.20200225.0)
  - abseil/base/raw_logging_internal (0.20200225.0):
    - abseil/base/atomic_hook
    - abseil/base/config
    - abseil/base/core_headers
    - abseil/base/log_severity
  - abseil/base/spinlock_wait (0.20200225.0):
    - abseil/base/base_internal
    - abseil/base/core_headers
    - abseil/base/errno_saver
  - abseil/base/throw_delegate (0.20200225.0):
    - abseil/base/config
    - abseil/base/raw_logging_internal
  - abseil/container/common (0.20200225.0):
    - abseil/meta/type_traits
    - abseil/types/optional
  - abseil/container/compressed_tuple (0.20200225.0):
    - abseil/utility/utility
  - abseil/container/container_memory (0.20200225.0):
    - abseil/memory/memory
    - abseil/utility/utility
  - abseil/container/fixed_array (0.20200225.0):
    - abseil/algorithm/algorithm
    - abseil/base/core_headers
    - abseil/base/dynamic_annotations
    - abseil/base/throw_delegate
    - abseil/container/compressed_tuple
    - abseil/memory/memory
  - abseil/container/flat_hash_map (0.20200225.0):
    - abseil/algorithm/container
    - abseil/container/container_memory
    - abseil/container/hash_function_defaults
    - abseil/container/raw_hash_map
    - abseil/memory/memory
  - abseil/container/hash_function_defaults (0.20200225.0):
    - abseil/base/config
    - abseil/hash/hash
    - abseil/strings/strings
  - abseil/container/hash_policy_traits (0.20200225.0):
    - abseil/meta/type_traits
  - abseil/container/hashtable_debug_hooks (0.20200225.0):
    - abseil/base/config
  - abseil/container/hashtablez_sampler (0.20200225.0):
    - abseil/base/base
    - abseil/base/core_headers
    - abseil/base/exponential_biased
    - abseil/container/have_sse
    - abseil/debugging/stacktrace
    - abseil/memory/memory
    - abseil/synchronization/synchronization
    - abseil/utility/utility
  - abseil/container/have_sse (0.20200225.0)
  - abseil/container/inlined_vector (0.20200225.0):
    - abseil/algorithm/algorithm
    - abseil/base/core_headers
    - abseil/base/throw_delegate
    - abseil/container/inlined_vector_internal
    - abseil/memory/memory
  - abseil/container/inlined_vector_internal (0.20200225.0):
    - abseil/base/core_headers
    - abseil/container/compressed_tuple
    - abseil/memory/memory
    - abseil/meta/type_traits
    - abseil/types/span
  - abseil/container/layout (0.20200225.0):
    - abseil/base/core_headers
    - abseil/meta/type_traits
    - abseil/strings/strings
    - abseil/types/span
    - abseil/utility/utility
  - abseil/container/raw_hash_map (0.20200225.0):
    - abseil/base/throw_delegate
    - abseil/container/container_memory
    - abseil/container/raw_hash_set
  - abseil/container/raw_hash_set (0.20200225.0):
    - abseil/base/bits
    - abseil/base/config
    - abseil/base/core_headers
    - abseil/base/endian
    - abseil/container/common
    - abseil/container/compressed_tuple
    - abseil/container/container_memory
    - abseil/container/hash_policy_traits
    - abseil/container/hashtable_debug_hooks
    - abseil/container/hashtablez_sampler
    - abseil/container/have_sse
    - abseil/container/layout
    - abseil/memory/memory
    - abseil/meta/type_traits
    - abseil/utility/utility
  - abseil/debugging/debugging_internal (0.20200225.0):
    - abseil/base/config
    - abseil/base/core_headers
    - abseil/base/dynamic_annotations
    - abseil/base/errno_saver
    - abseil/base/raw_logging_internal
  - abseil/debugging/demangle_internal (0.20200225.0):
    - abseil/base/base
    - abseil/base/config
    - abseil/base/core_headers
  - abseil/debugging/stacktrace (0.20200225.0):
    - abseil/base/config
    - abseil/base/core_headers
    - abseil/debugging/debugging_internal
  - abseil/debugging/symbolize (0.20200225.0):
    - abseil/base/base
    - abseil/base/config
    - abseil/base/core_headers
    - abseil/base/dynamic_annotations
    - abseil/base/malloc_internal
    - abseil/base/raw_logging_internal
    - abseil/debugging/debugging_internal
    - abseil/debugging/demangle_internal
  - abseil/hash/city (0.20200225.0):
    - abseil/base/config
    - abseil/base/core_headers
    - abseil/base/endian
  - abseil/hash/hash (0.20200225.0):
    - abseil/base/core_headers
    - abseil/base/endian
    - abseil/container/fixed_array
    - abseil/hash/city
    - abseil/meta/type_traits
    - abseil/numeric/int128
    - abseil/strings/strings
    - abseil/types/optional
    - abseil/types/variant
    - abseil/utility/utility
  - abseil/memory (0.20200225.0):
    - abseil/memory/memory (= 0.20200225.0)
  - abseil/memory/memory (0.20200225.0):
    - abseil/base/core_headers
    - abseil/meta/type_traits
  - abseil/meta (0.20200225.0):
    - abseil/meta/type_traits (= 0.20200225.0)
  - abseil/meta/type_traits (0.20200225.0):
    - abseil/base/config
  - abseil/numeric/int128 (0.20200225.0):
    - abseil/base/config
    - abseil/base/core_headers
  - abseil/strings/internal (0.20200225.0):
    - abseil/base/config
    - abseil/base/core_headers
    - abseil/base/endian
    - abseil/base/raw_logging_internal
    - abseil/meta/type_traits
  - abseil/strings/str_format (0.20200225.0):
    - abseil/strings/str_format_internal
  - abseil/strings/str_format_internal (0.20200225.0):
    - abseil/base/config
    - abseil/base/core_headers
    - abseil/meta/type_traits
    - abseil/numeric/int128
    - abseil/strings/strings
    - abseil/types/span
  - abseil/strings/strings (0.20200225.0):
    - abseil/base/base
    - abseil/base/bits
    - abseil/base/config
    - abseil/base/core_headers
    - abseil/base/endian
    - abseil/base/raw_logging_internal
    - abseil/base/throw_delegate
    - abseil/memory/memory
    - abseil/meta/type_traits
    - abseil/numeric/int128
    - abseil/strings/internal
  - abseil/synchronization/graphcycles_internal (0.20200225.0):
    - abseil/base/base
    - abseil/base/base_internal
    - abseil/base/config
    - abseil/base/core_headers
    - abseil/base/malloc_internal
    - abseil/base/raw_logging_internal
  - abseil/synchronization/kernel_timeout_internal (0.20200225.0):
    - abseil/base/core_headers
    - abseil/base/raw_logging_internal
    - abseil/time/time
  - abseil/synchronization/synchronization (0.20200225.0):
    - abseil/base/atomic_hook
    - abseil/base/base
    - abseil/base/base_internal
    - abseil/base/config
    - abseil/base/core_headers
    - abseil/base/dynamic_annotations
    - abseil/base/malloc_internal
    - abseil/base/raw_logging_internal
    - abseil/debugging/stacktrace
    - abseil/debugging/symbolize
    - abseil/synchronization/graphcycles_internal
    - abseil/synchronization/kernel_timeout_internal
    - abseil/time/time
  - abseil/time (0.20200225.0):
    - abseil/time/internal (= 0.20200225.0)
    - abseil/time/time (= 0.20200225.0)
  - abseil/time/internal (0.20200225.0):
    - abseil/time/internal/cctz (= 0.20200225.0)
  - abseil/time/internal/cctz (0.20200225.0):
    - abseil/time/internal/cctz/civil_time (= 0.20200225.0)
    - abseil/time/internal/cctz/time_zone (= 0.20200225.0)
  - abseil/time/internal/cctz/civil_time (0.20200225.0):
    - abseil/base/config
  - abseil/time/internal/cctz/time_zone (0.20200225.0):
    - abseil/base/config
    - abseil/time/internal/cctz/civil_time
  - abseil/time/time (0.20200225.0):
    - abseil/base/base
    - abseil/base/core_headers
    - abseil/base/raw_logging_internal
    - abseil/numeric/int128
    - abseil/strings/strings
    - abseil/time/internal/cctz/civil_time
    - abseil/time/internal/cctz/time_zone
  - abseil/types (0.20200225.0):
    - abseil/types/any (= 0.20200225.0)
    - abseil/types/bad_any_cast (= 0.20200225.0)
    - abseil/types/bad_any_cast_impl (= 0.20200225.0)
    - abseil/types/bad_optional_access (= 0.20200225.0)
    - abseil/types/bad_variant_access (= 0.20200225.0)
    - abseil/types/compare (= 0.20200225.0)
    - abseil/types/optional (= 0.20200225.0)
    - abseil/types/span (= 0.20200225.0)
    - abseil/types/variant (= 0.20200225.0)
  - abseil/types/any (0.20200225.0):
    - abseil/base/config
    - abseil/base/core_headers
    - abseil/meta/type_traits
    - abseil/types/bad_any_cast
    - abseil/utility/utility
  - abseil/types/bad_any_cast (0.20200225.0):
    - abseil/base/config
    - abseil/types/bad_any_cast_impl
  - abseil/types/bad_any_cast_impl (0.20200225.0):
    - abseil/base/config
    - abseil/base/raw_logging_internal
  - abseil/types/bad_optional_access (0.20200225.0):
    - abseil/base/config
    - abseil/base/raw_logging_internal
  - abseil/types/bad_variant_access (0.20200225.0):
    - abseil/base/config
    - abseil/base/raw_logging_internal
  - abseil/types/compare (0.20200225.0):
    - abseil/base/core_headers
    - abseil/meta/type_traits
  - abseil/types/optional (0.20200225.0):
    - abseil/base/base_internal
    - abseil/base/config
    - abseil/base/core_headers
    - abseil/memory/memory
    - abseil/meta/type_traits
    - abseil/types/bad_optional_access
    - abseil/utility/utility
  - abseil/types/span (0.20200225.0):
    - abseil/algorithm/algorithm
    - abseil/base/core_headers
    - abseil/base/throw_delegate
    - abseil/meta/type_traits
  - abseil/types/variant (0.20200225.0):
    - abseil/base/base_internal
    - abseil/base/config
    - abseil/base/core_headers
    - abseil/meta/type_traits
    - abseil/types/bad_variant_access
    - abseil/utility/utility
  - abseil/utility/utility (0.20200225.0):
    - abseil/base/base_internal
    - abseil/base/config
    - abseil/meta/type_traits
  - Alamofire (5.4.4)
  - BigInt (5.2.0)
  - BonMot (6.0.0)
  - BoringSSL-GRPC (0.0.7):
    - BoringSSL-GRPC/Implementation (= 0.0.7)
    - BoringSSL-GRPC/Interface (= 0.0.7)
  - BoringSSL-GRPC/Implementation (0.0.7):
    - BoringSSL-GRPC/Interface (= 0.0.7)
  - BoringSSL-GRPC/Interface (0.0.7)
  - CryptoSwift (1.4.2)
  - ESPullToRefresh (2.9.3)
  - Firebase/Analytics (8.8.0):
    - Firebase/Core
  - Firebase/Auth (8.8.0):
    - Firebase/CoreOnly
    - FirebaseAuth (~> 8.8.0)
  - Firebase/Core (8.8.0):
    - Firebase/CoreOnly
    - FirebaseAnalytics (~> 8.8.0)
  - Firebase/CoreOnly (8.8.0):
    - FirebaseCore (= 8.8.0)
  - Firebase/Crashlytics (8.8.0):
    - Firebase/CoreOnly
    - FirebaseCrashlytics (~> 8.8.0)
  - Firebase/Firestore (8.8.0):
    - Firebase/CoreOnly
    - FirebaseFirestore (~> 8.8.0)
  - Firebase/Messaging (8.8.0):
    - Firebase/CoreOnly
    - FirebaseMessaging (~> 8.8.0)
  - Firebase/Performance (8.8.0):
    - Firebase/CoreOnly
    - FirebasePerformance (~> 8.8.0)
  - Firebase/Storage (8.8.0):
    - Firebase/CoreOnly
    - FirebaseStorage (~> 8.8.0)
  - FirebaseABTesting (8.8.0):
    - FirebaseCore (~> 8.0)
  - FirebaseAnalytics (8.8.0):
    - FirebaseAnalytics/AdIdSupport (= 8.8.0)
    - FirebaseCore (~> 8.0)
    - FirebaseInstallations (~> 8.0)
    - GoogleUtilities/AppDelegateSwizzler (~> 7.4)
    - GoogleUtilities/MethodSwizzler (~> 7.4)
    - GoogleUtilities/Network (~> 7.4)
    - "GoogleUtilities/NSData+zlib (~> 7.4)"
    - nanopb (~> 2.30908.0)
  - FirebaseAnalytics/AdIdSupport (8.8.0):
    - FirebaseCore (~> 8.0)
    - FirebaseInstallations (~> 8.0)
    - GoogleAppMeasurement (= 8.8.0)
    - GoogleUtilities/AppDelegateSwizzler (~> 7.4)
    - GoogleUtilities/MethodSwizzler (~> 7.4)
    - GoogleUtilities/Network (~> 7.4)
    - "GoogleUtilities/NSData+zlib (~> 7.4)"
    - nanopb (~> 2.30908.0)
  - FirebaseAuth (8.8.0):
    - FirebaseCore (~> 8.0)
    - GoogleUtilities/AppDelegateSwizzler (~> 7.4)
    - GoogleUtilities/Environment (~> 7.4)
    - GTMSessionFetcher/Core (~> 1.5)
  - FirebaseCore (8.8.0):
    - FirebaseCoreDiagnostics (~> 8.0)
    - GoogleUtilities/Environment (~> 7.4)
    - GoogleUtilities/Logger (~> 7.4)
  - FirebaseCoreDiagnostics (8.8.0):
    - GoogleDataTransport (~> 9.0)
    - GoogleUtilities/Environment (~> 7.4)
    - GoogleUtilities/Logger (~> 7.4)
    - nanopb (~> 2.30908.0)
  - FirebaseCrashlytics (8.8.0):
    - FirebaseCore (~> 8.0)
    - FirebaseInstallations (~> 8.0)
    - GoogleDataTransport (~> 9.0)
    - GoogleUtilities/Environment (~> 7.4)
    - nanopb (~> 2.30908.0)
    - PromisesObjC (< 3.0, >= 1.2)
  - FirebaseFirestore (8.8.0):
    - abseil/algorithm (= 0.20200225.0)
    - abseil/base (= 0.20200225.0)
    - abseil/container/flat_hash_map (= 0.20200225.0)
    - abseil/memory (= 0.20200225.0)
    - abseil/meta (= 0.20200225.0)
    - abseil/strings/strings (= 0.20200225.0)
    - abseil/time (= 0.20200225.0)
    - abseil/types (= 0.20200225.0)
    - FirebaseCore (~> 8.0)
    - "gRPC-C++ (~> 1.28.0)"
    - leveldb-library (~> 1.22)
    - nanopb (~> 2.30908.0)
  - FirebaseInstallations (8.8.0):
    - FirebaseCore (~> 8.0)
    - GoogleUtilities/Environment (~> 7.4)
    - GoogleUtilities/UserDefaults (~> 7.4)
    - PromisesObjC (< 3.0, >= 1.2)
  - FirebaseMessaging (8.8.0):
    - FirebaseCore (~> 8.0)
    - FirebaseInstallations (~> 8.0)
    - GoogleDataTransport (~> 9.0)
    - GoogleUtilities/AppDelegateSwizzler (~> 7.4)
    - GoogleUtilities/Environment (~> 7.4)
    - GoogleUtilities/Reachability (~> 7.4)
    - GoogleUtilities/UserDefaults (~> 7.4)
    - nanopb (~> 2.30908.0)
  - FirebasePerformance (8.8.0):
    - FirebaseCore (~> 8.0)
    - FirebaseInstallations (~> 8.0)
    - FirebaseRemoteConfig (~> 8.0)
    - GoogleDataTransport (~> 9.0)
    - GoogleUtilities/Environment (~> 7.4)
    - GoogleUtilities/ISASwizzler (~> 7.4)
    - GoogleUtilities/MethodSwizzler (~> 7.4)
    - nanopb (~> 2.30908.0)
  - FirebaseRemoteConfig (8.8.0):
    - FirebaseABTesting (~> 8.0)
    - FirebaseCore (~> 8.0)
    - FirebaseInstallations (~> 8.0)
    - GoogleUtilities/Environment (~> 7.4)
    - "GoogleUtilities/NSData+zlib (~> 7.4)"
  - FirebaseStorage (8.8.0):
    - FirebaseCore (~> 8.0)
    - GTMSessionFetcher/Core (~> 1.5)
  - FoldingCell (5.0.2)
  - GoogleAppMeasurement (8.8.0):
    - GoogleAppMeasurement/AdIdSupport (= 8.8.0)
    - GoogleUtilities/AppDelegateSwizzler (~> 7.4)
    - GoogleUtilities/MethodSwizzler (~> 7.4)
    - GoogleUtilities/Network (~> 7.4)
    - "GoogleUtilities/NSData+zlib (~> 7.4)"
    - nanopb (~> 2.30908.0)
  - GoogleAppMeasurement/AdIdSupport (8.8.0):
    - GoogleAppMeasurement/WithoutAdIdSupport (= 8.8.0)
    - GoogleUtilities/AppDelegateSwizzler (~> 7.4)
    - GoogleUtilities/MethodSwizzler (~> 7.4)
    - GoogleUtilities/Network (~> 7.4)
    - "GoogleUtilities/NSData+zlib (~> 7.4)"
    - nanopb (~> 2.30908.0)
  - GoogleAppMeasurement/WithoutAdIdSupport (8.8.0):
    - GoogleUtilities/AppDelegateSwizzler (~> 7.4)
    - GoogleUtilities/MethodSwizzler (~> 7.4)
    - GoogleUtilities/Network (~> 7.4)
    - "GoogleUtilities/NSData+zlib (~> 7.4)"
    - nanopb (~> 2.30908.0)
  - GoogleDataTransport (9.1.2):
    - GoogleUtilities/Environment (~> 7.2)
    - nanopb (~> 2.30908.0)
    - PromisesObjC (< 3.0, >= 1.2)
  - GoogleUtilities/AppDelegateSwizzler (7.6.0):
    - GoogleUtilities/Environment
    - GoogleUtilities/Logger
    - GoogleUtilities/Network
  - GoogleUtilities/Environment (7.6.0):
    - PromisesObjC (< 3.0, >= 1.2)
  - GoogleUtilities/ISASwizzler (7.6.0)
  - GoogleUtilities/Logger (7.6.0):
    - GoogleUtilities/Environment
  - GoogleUtilities/MethodSwizzler (7.6.0):
    - GoogleUtilities/Logger
  - GoogleUtilities/Network (7.6.0):
    - GoogleUtilities/Logger
    - "GoogleUtilities/NSData+zlib"
    - GoogleUtilities/Reachability
  - "GoogleUtilities/NSData+zlib (7.6.0)"
  - GoogleUtilities/Reachability (7.6.0):
    - GoogleUtilities/Logger
  - GoogleUtilities/UserDefaults (7.6.0):
    - GoogleUtilities/Logger
  - "gRPC-C++ (1.28.2)":
    - "gRPC-C++/Implementation (= 1.28.2)"
    - "gRPC-C++/Interface (= 1.28.2)"
  - "gRPC-C++/Implementation (1.28.2)":
    - abseil/container/inlined_vector (= 0.20200225.0)
    - abseil/memory/memory (= 0.20200225.0)
    - abseil/strings/str_format (= 0.20200225.0)
    - abseil/strings/strings (= 0.20200225.0)
    - abseil/types/optional (= 0.20200225.0)
    - "gRPC-C++/Interface (= 1.28.2)"
    - gRPC-Core (= 1.28.2)
  - "gRPC-C++/Interface (1.28.2)"
  - gRPC-Core (1.28.2):
    - gRPC-Core/Implementation (= 1.28.2)
    - gRPC-Core/Interface (= 1.28.2)
  - gRPC-Core/Implementation (1.28.2):
    - abseil/container/inlined_vector (= 0.20200225.0)
    - abseil/memory/memory (= 0.20200225.0)
    - abseil/strings/str_format (= 0.20200225.0)
    - abseil/strings/strings (= 0.20200225.0)
    - abseil/types/optional (= 0.20200225.0)
    - BoringSSL-GRPC (= 0.0.7)
    - gRPC-Core/Interface (= 1.28.2)
  - gRPC-Core/Interface (1.28.2)
  - GTMSessionFetcher/Core (1.7.0)
  - HandyJSON (5.0.2)
  - HanekeSwift (1.2)
  - Hero (1.6.1)
  - InputBarAccessoryView (5.4.0):
    - InputBarAccessoryView/Core (= 5.4.0)
  - InputBarAccessoryView/Core (5.4.0)
  - Instructions (2.1.0)
  - IQKeyboardManagerSwift (6.5.6)
  - JXSegmentedView (1.2.7)
  - KeychainAccess (4.2.2)
  - Kingfisher (7.1.1)
  - leveldb-library (1.22.1)
  - MarqueeLabel (4.3.0)
  - MessageKit (3.7.0):
    - InputBarAccessoryView (~> 5.4.0)
  - Moya (15.0.0):
    - Moya/Core (= 15.0.0)
  - Moya/Core (15.0.0):
    - Alamofire (~> 5.0)
  - nanopb (2.30908.0):
    - nanopb/decode (= 2.30908.0)
    - nanopb/encode (= 2.30908.0)
  - nanopb/decode (2.30908.0)
  - nanopb/encode (2.30908.0)
  - Pageboy (3.6.2)
  - pop (1.0.12)
  - PromiseKit (6.15.3):
    - PromiseKit/CorePromise (= 6.15.3)
    - PromiseKit/Foundation (= 6.15.3)
    - PromiseKit/UIKit (= 6.15.3)
  - PromiseKit/CorePromise (6.15.3)
  - PromiseKit/Foundation (6.15.3):
    - PromiseKit/CorePromise
  - PromiseKit/UIKit (6.15.3):
    - PromiseKit/CorePromise
  - PromisesObjC (2.0.0)
  - secp256k1.c (0.1.2)
  - SkeletonView (1.25.2)
  - SPLarkController (1.2.1)
  - SPStorkController (1.7.9)
  - Starscream (4.0.4)
  - SwiftDate (6.3.1)
  - SwiftEntryKit (2.0.0)
  - SwiftProtobuf (1.18.0)
  - SwiftyUserDefaults (5.3.0)
  - TrustWalletCore (2.6.30):
    - TrustWalletCore/Core (= 2.6.30)
  - TrustWalletCore/Core (2.6.30):
    - TrustWalletCore/Types
  - TrustWalletCore/Types (2.6.30):
    - SwiftProtobuf
  - VBFPopFlatButton (0.0.7):
    - pop
  - ViewAnimator (3.1.0)
  - WalletConnectSwift (1.3.1):
    - CryptoSwift (~> 1.4)
    - Starscream (~> 4.0.4)
  - web3swift (2.3.0):
    - BigInt (~> 5.2)
    - CryptoSwift (~> 1.4.0)
    - PromiseKit (~> 6.15.3)
    - secp256k1.c (~> 0.1)
    - Starscream (~> 4.0.4)

DEPENDENCIES:
  - BonMot
  - ESPullToRefresh
  - Firebase/Analytics
  - Firebase/Auth
  - Firebase/Crashlytics
  - Firebase/Firestore
  - Firebase/Messaging
  - Firebase/Performance
  - Firebase/Storage
  - FoldingCell
  - HandyJSON (~> 5.0.2)
  - HanekeSwift (from `https://github.com/Haneke/HanekeSwift.git`, branch `master`)
  - Hero
  - Instructions (~> 2.1.0)
  - IQKeyboardManagerSwift
  - JXSegmentedView
  - KeychainAccess
  - Kingfisher
  - MarqueeLabel
  - MessageKit
  - Moya (~> 15.0.0)
  - Pageboy (~> 3.6.2)
  - SkeletonView
  - SPLarkController
  - SPStorkController (from `https://github.com/lmcmz/SPStorkController`, branch `master`)
  - SwiftDate (~> 6.3.1)
  - SwiftEntryKit (= 2.0.0)
  - SwiftyUserDefaults (~> 5.0)
  - TrustWalletCore
  - VBFPopFlatButton
  - ViewAnimator
  - WalletConnectSwift (from `https://github.com/DtechLabs/WalletConnectSwift.git`, branch `master`)
  - web3swift (from `https://github.com/skywinder/web3swift.git`, branch `develop`)

SPEC REPOS:
  trunk:
    - abseil
    - Alamofire
    - BigInt
    - BonMot
    - BoringSSL-GRPC
    - CryptoSwift
    - ESPullToRefresh
    - Firebase
    - FirebaseABTesting
    - FirebaseAnalytics
    - FirebaseAuth
    - FirebaseCore
    - FirebaseCoreDiagnostics
    - FirebaseCrashlytics
    - FirebaseFirestore
    - FirebaseInstallations
    - FirebaseMessaging
    - FirebasePerformance
    - FirebaseRemoteConfig
    - FirebaseStorage
    - FoldingCell
    - GoogleAppMeasurement
    - GoogleDataTransport
    - GoogleUtilities
    - "gRPC-C++"
    - gRPC-Core
    - GTMSessionFetcher
    - HandyJSON
    - Hero
    - InputBarAccessoryView
    - Instructions
    - IQKeyboardManagerSwift
    - JXSegmentedView
    - KeychainAccess
    - Kingfisher
    - leveldb-library
    - MarqueeLabel
    - MessageKit
    - Moya
    - nanopb
    - Pageboy
    - pop
    - PromiseKit
    - PromisesObjC
    - secp256k1.c
    - SkeletonView
    - SPLarkController
    - Starscream
    - SwiftDate
    - SwiftEntryKit
    - SwiftProtobuf
    - SwiftyUserDefaults
    - TrustWalletCore
    - VBFPopFlatButton
    - ViewAnimator

EXTERNAL SOURCES:
  HanekeSwift:
    :branch: master
    :git: https://github.com/Haneke/HanekeSwift.git
  SPStorkController:
    :branch: master
    :git: https://github.com/lmcmz/SPStorkController
  WalletConnectSwift:
    :branch: master
    :git: https://github.com/DtechLabs/WalletConnectSwift.git
  web3swift:
    :branch: develop
    :git: https://github.com/skywinder/web3swift.git

CHECKOUT OPTIONS:
  HanekeSwift:
    :commit: a2e8e5b9a91eef90138a4f43c9a0044c4e90a6ef
    :git: https://github.com/Haneke/HanekeSwift.git
  SPStorkController:
    :commit: acc4c036d84b3d7eadc458edaba4eb15e1c41528
    :git: https://github.com/lmcmz/SPStorkController
  WalletConnectSwift:
    :commit: 157977070f1b4a8602724015c7b3ef55ca545df4
    :git: https://github.com/DtechLabs/WalletConnectSwift.git
  web3swift:
    :commit: a3b2acfe9afaa50361cb5178a94fdd9e505e50e9
    :git: https://github.com/skywinder/web3swift.git

SPEC CHECKSUMS:
  abseil: 6c8eb7892aefa08d929b39f9bb108e5367e3228f
  Alamofire: f3b09a368f1582ab751b3fff5460276e0d2cf5c9
  BigInt: f668a80089607f521586bbe29513d708491ef2f7
  BonMot: fb2b6a2209cb3149aca37b7131d49c051c04ae86
  BoringSSL-GRPC: 8edf627ee524575e2f8d19d56f068b448eea3879
  CryptoSwift: a532e74ed010f8c95f611d00b8bbae42e9fe7c17
  ESPullToRefresh: 0d68daa602b343c81753a1b95e09fd0bfcddfd40
  Firebase: 629510f1a9ddb235f3a7c5c8ceb23ba887f0f814
  FirebaseABTesting: 981336dd14d84787e33466e4247f77ec2343f8d9
  FirebaseAnalytics: 5506ea8b867d8423485a84b4cd612d279f7b0b8a
  FirebaseAuth: bcf0adeff88bda5dcb3beeabe5760f1226ab7b2f
  FirebaseCore: 98b29e3828f0a53651c363937a7f7d92a19f1ba2
  FirebaseCoreDiagnostics: fe77f42da6329d6d83d21fd9d621a6b704413bfc
  FirebaseCrashlytics: 3660c045c8e45cc4276110562a0ef44cf43c8157
  FirebaseFirestore: 29baf05d5e7e0d5003eb34e5805d92b9858b36d4
  FirebaseInstallations: 2563cb18a723ef9c6ef18318a49519b75dce613c
  FirebaseMessaging: 419b5c9d84f294a753c6501d8cfb9ced1ce37304
  FirebasePerformance: 0c01a7a496657d7cea86d40c0b1725259d164c6c
  FirebaseRemoteConfig: f6365883d7950d784ee97bcdbbf1e442d4fa6119
  FirebaseStorage: 54ff752ecbd27f1c354c3f5e8c55f6ad5783699b
  FoldingCell: f92eb5fb9842319e7cd08c71533c98408b785099
  GoogleAppMeasurement: 5ba1164e3c844ba84272555e916d0a6d3d977e91
  GoogleDataTransport: 629c20a4d363167143f30ea78320d5a7eb8bd940
  GoogleUtilities: 684ee790a24f73ebb2d1d966e9711c203f2a4237
  "gRPC-C++": 13d8ccef97d5c3c441b7e3c529ef28ebee86fad2
  gRPC-Core: 4afa11bfbedf7cdecd04de535a9e046893404ed5
  GTMSessionFetcher: 43748f93435c2aa068b1cbe39655aaf600652e91
  HandyJSON: 9e4e236f5d2dbefad5155a77417bbea438201c03
  HanekeSwift: 0ee43c4cfe871ef8cc7382bda8729b6374c41748
  Hero: 215865ba3ae41dd9bb08cd6c60a645529c6fc94b
  InputBarAccessoryView: 74d471ab1fa1736806be50328df79257e52865a9
  Instructions: 2465e321dde23f7c8fc26fe8efddf605df80dfba
  IQKeyboardManagerSwift: c7df9d2deb356c04522f5c4b7b6e4ce4d8ed94fe
  JXSegmentedView: eb1cad21f57c2543c00c3e08b8fd3c7ca54f5acd
  KeychainAccess: c0c4f7f38f6fc7bbe58f5702e25f7bd2f65abf51
  Kingfisher: f738f9c4a3415823b8e2985d10aa2d6a9f37bc4d
  leveldb-library: 50c7b45cbd7bf543c81a468fe557a16ae3db8729
  MarqueeLabel: 02f5ac8fd6877c94564556cb93fa86c70c08baeb
  MessageKit: 8e76dd8d65ad44b49e1651c673497146416461e9
  Moya: 138f0573e53411fb3dc17016add0b748dfbd78ee
  nanopb: a0ba3315591a9ae0a16a309ee504766e90db0c96
  Pageboy: cf121b9dd48c63f3f281b2a9ec93d02e0f23879b
  pop: d582054913807fd11fd50bfe6a539d91c7e1a55a
  PromiseKit: 3b2b6995e51a954c46dbc550ce3da44fbfb563c5
  PromisesObjC: 68159ce6952d93e17b2dfe273b8c40907db5ba58
  secp256k1.c: db47b726585d80f027423682eb369729e61b3b20
  SkeletonView: 820b2bbd180d7408f3f03b6462cfc3cac39d2ef2
  SPLarkController: cab167397d8d891270ada97421fbd3db94cfb7c5
  SPStorkController: 0feb37dd2d13825e3aa9c0772a908eda59d62985
  Starscream: 5178aed56b316f13fa3bc55694e583d35dd414d9
  SwiftDate: 72d28954e8e1c6c1c0f917ccc8005e4f83c7d4b2
  SwiftEntryKit: 61b5fa36f34a97dd8013e48a7345bc4c4720be9a
  SwiftProtobuf: c3c12645230d9b09c72267e0de89468c5543bd86
  SwiftyUserDefaults: 63f80248cf5bfb3458825d9a78f2eb7e1293a040
  TrustWalletCore: 544c56e602078359252c24313bf2be89ccdf1661
  VBFPopFlatButton: 39e48ab56277f3d056734a9b5ec5d0cc60d69778
  ViewAnimator: a9ceed80266e00fd435ec4fb99b2df64d580d0e4
  WalletConnectSwift: 70e1e3aec7822eb18ec87b8757e53f978c35d1c2
  web3swift: dcc8da6f0944a062faa381869ce64114ddb5f8d3

PODFILE CHECKSUM: 5cd48e079802d6fbd892f22245995c368a2d4931

COCOAPODS: 1.11.2
