// !$*UTF8*$!
{
	archiveVersion = 1;
	classes = {
	};
	objectVersion = 50;
	objects = {

/* Begin PBXBuildFile section */
		151EDA9E22CEFB5E00F65980 /* CallRNModule.swift in Sources */ = {isa = PBXBuildFile; fileRef = 151EDA9D22CEFB5E00F65980 /* CallRNModule.swift */; };
		1527871D22ADEBEE00D63C7F /* Constant.swift in Sources */ = {isa = PBXBuildFile; fileRef = 1527871C22ADEBEE00D63C7F /* Constant.swift */; };
		1527871F22ADEDAB00D63C7F /* Style.swift in Sources */ = {isa = PBXBuildFile; fileRef = 1527871E22ADEDAB00D63C7F /* Style.swift */; };
		1527872122ADEE0900D63C7F /* UIColor.swift in Sources */ = {isa = PBXBuildFile; fileRef = 1527872022ADEE0900D63C7F /* UIColor.swift */; };
		1527872322ADEE3500D63C7F /* UITableView.swift in Sources */ = {isa = PBXBuildFile; fileRef = 1527872222ADEE3500D63C7F /* UITableView.swift */; };
		1527872522ADEE6300D63C7F /* NSObject.swift in Sources */ = {isa = PBXBuildFile; fileRef = 1527872422ADEE6300D63C7F /* NSObject.swift */; };
		1527872722ADF5EA00D63C7F /* WalletStruct.swift in Sources */ = {isa = PBXBuildFile; fileRef = 1527872622ADF5EA00D63C7F /* WalletStruct.swift */; };
		1527872922ADF6F800D63C7F /* WalletError.swift in Sources */ = {isa = PBXBuildFile; fileRef = 1527872822ADF6F800D63C7F /* WalletError.swift */; };
		1527872C22AE080C00D63C7F /* KaychainHelper.swift in Sources */ = {isa = PBXBuildFile; fileRef = 1527872B22AE080C00D63C7F /* KaychainHelper.swift */; };
		1527872E22AE16D400D63C7F /* WalletManager+Keystore.swift in Sources */ = {isa = PBXBuildFile; fileRef = 1527872D22AE16D400D63C7F /* WalletManager+Keystore.swift */; };
		1527873422AE20C800D63C7F /* RNCustomPopUp.swift in Sources */ = {isa = PBXBuildFile; fileRef = 1527873222AE20C800D63C7F /* RNCustomPopUp.swift */; };
		1527873522AE20C800D63C7F /* RNCustomPopUp.xib in Resources */ = {isa = PBXBuildFile; fileRef = 1527873322AE20C800D63C7F /* RNCustomPopUp.xib */; };
		1527873722AE210200D63C7F /* RPCircularProgress.swift in Sources */ = {isa = PBXBuildFile; fileRef = 1527873622AE210200D63C7F /* RPCircularProgress.swift */; };
		1527873A22AE216C00D63C7F /* TransactionManager.swift in Sources */ = {isa = PBXBuildFile; fileRef = 1527873922AE216C00D63C7F /* TransactionManager.swift */; };
		1527873C22AE21B200D63C7F /* UIApplication.swift in Sources */ = {isa = PBXBuildFile; fileRef = 1527873B22AE21B200D63C7F /* UIApplication.swift */; };
		153A654822C9CE2B0035EB2C /* LandingViewController.swift in Sources */ = {isa = PBXBuildFile; fileRef = 153A654622C9CE2B0035EB2C /* LandingViewController.swift */; };
		153A654922C9CE2B0035EB2C /* LandingViewController.xib in Resources */ = {isa = PBXBuildFile; fileRef = 153A654722C9CE2B0035EB2C /* LandingViewController.xib */; };
		153A654B22C9D1A30035EB2C /* BaseRNViewController.swift in Sources */ = {isa = PBXBuildFile; fileRef = 153A654A22C9D1A30035EB2C /* BaseRNViewController.swift */; };
		156548E722CDB6B4005C8B2D /* NativeVCModule.swift in Sources */ = {isa = PBXBuildFile; fileRef = 156548E622CDB6B4005C8B2D /* NativeVCModule.swift */; };
		156548EA22CDBD6E005C8B2D /* String.swift in Sources */ = {isa = PBXBuildFile; fileRef = 156548E922CDBD6E005C8B2D /* String.swift */; };
		156548ED22CDC27E005C8B2D /* BaseNavigationController.swift in Sources */ = {isa = PBXBuildFile; fileRef = 156548EC22CDC27E005C8B2D /* BaseNavigationController.swift */; };
		156548F122CDC330005C8B2D /* NetworkSwitchViewController.swift in Sources */ = {isa = PBXBuildFile; fileRef = 156548EF22CDC330005C8B2D /* NetworkSwitchViewController.swift */; };
		156548F222CDC330005C8B2D /* NetworkSwitchViewController.xib in Resources */ = {isa = PBXBuildFile; fileRef = 156548F022CDC330005C8B2D /* NetworkSwitchViewController.xib */; };
		156548F522CDC5BB005C8B2D /* NetworkTableViewCell.swift in Sources */ = {isa = PBXBuildFile; fileRef = 156548F322CDC5BB005C8B2D /* NetworkTableViewCell.swift */; };
		156548F622CDC5BB005C8B2D /* NetworkTableViewCell.xib in Resources */ = {isa = PBXBuildFile; fileRef = 156548F422CDC5BB005C8B2D /* NetworkTableViewCell.xib */; };
		156BCD5F22C4A41B00B380DF /* SignMessagePopUp.swift in Sources */ = {isa = PBXBuildFile; fileRef = 156BCD5D22C4A41B00B380DF /* SignMessagePopUp.swift */; };
		156BCD6022C4A41B00B380DF /* SignMessagePopUp.xib in Resources */ = {isa = PBXBuildFile; fileRef = 156BCD5E22C4A41B00B380DF /* SignMessagePopUp.xib */; };
		157A676A22CDE12E00DA83AB /* SignYesViewController.swift in Sources */ = {isa = PBXBuildFile; fileRef = 157A676822CDE12E00DA83AB /* SignYesViewController.swift */; };
		157A676B22CDE12E00DA83AB /* SignYesViewController.xib in Resources */ = {isa = PBXBuildFile; fileRef = 157A676922CDE12E00DA83AB /* SignYesViewController.xib */; };
		157AA56B22CC6CE0008AF3A5 /* SettingViewController.swift in Sources */ = {isa = PBXBuildFile; fileRef = 157AA56922CC6CE0008AF3A5 /* SettingViewController.swift */; };
		157AA56C22CC6CE0008AF3A5 /* SettingViewController.xib in Resources */ = {isa = PBXBuildFile; fileRef = 157AA56A22CC6CE0008AF3A5 /* SettingViewController.xib */; };
		157AA56E22CC8959008AF3A5 /* WalletManager+Network.swift in Sources */ = {isa = PBXBuildFile; fileRef = 157AA56D22CC8959008AF3A5 /* WalletManager+Network.swift */; };
		157AA67D22CCAA63008AF3A5 /* MnemonicsView.swift in Sources */ = {isa = PBXBuildFile; fileRef = 157AA67C22CCAA63008AF3A5 /* MnemonicsView.swift */; };
		157AA67F22CCAA6E008AF3A5 /* MnemonicsView.xib in Resources */ = {isa = PBXBuildFile; fileRef = 157AA67E22CCAA6E008AF3A5 /* MnemonicsView.xib */; };
		1587395822B9E16A00F36F92 /* PaymentPopUp.swift in Sources */ = {isa = PBXBuildFile; fileRef = 1587395622B9E16A00F36F92 /* PaymentPopUp.swift */; };
		1587395922B9E16A00F36F92 /* PaymentPopUp.xib in Resources */ = {isa = PBXBuildFile; fileRef = 1587395722B9E16A00F36F92 /* PaymentPopUp.xib */; };
		1587395C22B9E5C900F36F92 /* CryptoCoin.swift in Sources */ = {isa = PBXBuildFile; fileRef = 1587395B22B9E5C900F36F92 /* CryptoCoin.swift */; };
		1587395E22B9EAB300F36F92 /* EthplorerModel.swift in Sources */ = {isa = PBXBuildFile; fileRef = 1587395D22B9EAB300F36F92 /* EthplorerModel.swift */; };
		1587396122BA070300F36F92 /* Ethplorer.swift in Sources */ = {isa = PBXBuildFile; fileRef = 1587396022BA070300F36F92 /* Ethplorer.swift */; };
		1587396422BA074E00F36F92 /* Moya+HandyJSON.swift in Sources */ = {isa = PBXBuildFile; fileRef = 1587396322BA074E00F36F92 /* Moya+HandyJSON.swift */; };
		1587396A22BB48FD00F36F92 /* BaseControl.swift in Sources */ = {isa = PBXBuildFile; fileRef = 1587396922BB48FC00F36F92 /* BaseControl.swift */; };
		1587396E22BB6E9800F36F92 /* UIView.swift in Sources */ = {isa = PBXBuildFile; fileRef = 1587396D22BB6E9800F36F92 /* UIView.swift */; };
		158B375722AF5C8B005FECAB /* WalletModule.swift in Sources */ = {isa = PBXBuildFile; fileRef = 158B375622AF5C8B005FECAB /* WalletModule.swift */; };
		158B375922AF5DB3005FECAB /* RNBridge.m in Sources */ = {isa = PBXBuildFile; fileRef = 158B375822AF5DB3005FECAB /* RNBridge.m */; };
		159085D922CCAC32000BA7E4 /* CGRect.swift in Sources */ = {isa = PBXBuildFile; fileRef = 159085D822CCAC32000BA7E4 /* CGRect.swift */; };
		15B86B5922AA043F00110C06 /* AppDelegate.swift in Sources */ = {isa = PBXBuildFile; fileRef = 15B86B5822AA043F00110C06 /* AppDelegate.swift */; };
		15B86B6022AA044000110C06 /* Assets.xcassets in Resources */ = {isa = PBXBuildFile; fileRef = 15B86B5F22AA044000110C06 /* Assets.xcassets */; };
		15B86B6322AA044000110C06 /* LaunchScreen.storyboard in Resources */ = {isa = PBXBuildFile; fileRef = 15B86B6122AA044000110C06 /* LaunchScreen.storyboard */; };
		15B86BAD22AA1C9000110C06 /* WalletManager.swift in Sources */ = {isa = PBXBuildFile; fileRef = 15B86BAC22AA1C9000110C06 /* WalletManager.swift */; };
		15B86BB222AA1D2900110C06 /* BaseViewController.swift in Sources */ = {isa = PBXBuildFile; fileRef = 15B86BB122AA1D2900110C06 /* BaseViewController.swift */; };
		15B86BB822AA1E5100110C06 /* WelcomeViewController.swift in Sources */ = {isa = PBXBuildFile; fileRef = 15B86BB622AA1E5100110C06 /* WelcomeViewController.swift */; };
		15DE8E3722C9D8BF004B45A2 /* PlayfairDisplay-Black.ttf in Resources */ = {isa = PBXBuildFile; fileRef = 15DE8E3622C9D8BB004B45A2 /* PlayfairDisplay-Black.ttf */; };
		15DE8E3B22C9DD45004B45A2 /* ImportWalletViewController.swift in Sources */ = {isa = PBXBuildFile; fileRef = 15DE8E3922C9DD45004B45A2 /* ImportWalletViewController.swift */; };
		15DE8E3C22C9DD45004B45A2 /* ImportWalletViewController.xib in Resources */ = {isa = PBXBuildFile; fileRef = 15DE8E3A22C9DD45004B45A2 /* ImportWalletViewController.xib */; };
		15DE8E3E22CA1B96004B45A2 /* RNModule.swift in Sources */ = {isa = PBXBuildFile; fileRef = 15DE8E3D22CA1B96004B45A2 /* RNModule.swift */; };
		15F985DB22C3205700942357 /* ContractModule.swift in Sources */ = {isa = PBXBuildFile; fileRef = 15F985DA22C3205700942357 /* ContractModule.swift */; };
		15F985DF22C33E9300942357 /* HUDManager.swift in Sources */ = {isa = PBXBuildFile; fileRef = 15F985DE22C33E9300942357 /* HUDManager.swift */; };
		15F985E422C34DAF00942357 /* ContractPopUp.xib in Resources */ = {isa = PBXBuildFile; fileRef = 15F985E322C34DAF00942357 /* ContractPopUp.xib */; };
		15F985E622C34E1400942357 /* ContractPopUp.swift in Sources */ = {isa = PBXBuildFile; fileRef = 15F985E522C34E1400942357 /* ContractPopUp.swift */; };
		298AA258D51EC4E8D3A055C6 /* Pods_AliceX.framework in Frameworks */ = {isa = PBXBuildFile; fileRef = 8D38A72490D041400F0A6626 /* Pods_AliceX.framework */; };
/* End PBXBuildFile section */

/* Begin PBXFileReference section */
		151EDA9D22CEFB5E00F65980 /* CallRNModule.swift */ = {isa = PBXFileReference; lastKnownFileType = sourcecode.swift; path = CallRNModule.swift; sourceTree = "<group>"; };
		1527871C22ADEBEE00D63C7F /* Constant.swift */ = {isa = PBXFileReference; lastKnownFileType = sourcecode.swift; path = Constant.swift; sourceTree = "<group>"; };
		1527871E22ADEDAB00D63C7F /* Style.swift */ = {isa = PBXFileReference; lastKnownFileType = sourcecode.swift; path = Style.swift; sourceTree = "<group>"; };
		1527872022ADEE0900D63C7F /* UIColor.swift */ = {isa = PBXFileReference; lastKnownFileType = sourcecode.swift; path = UIColor.swift; sourceTree = "<group>"; };
		1527872222ADEE3500D63C7F /* UITableView.swift */ = {isa = PBXFileReference; lastKnownFileType = sourcecode.swift; path = UITableView.swift; sourceTree = "<group>"; };
		1527872422ADEE6300D63C7F /* NSObject.swift */ = {isa = PBXFileReference; lastKnownFileType = sourcecode.swift; path = NSObject.swift; sourceTree = "<group>"; };
		1527872622ADF5EA00D63C7F /* WalletStruct.swift */ = {isa = PBXFileReference; lastKnownFileType = sourcecode.swift; path = WalletStruct.swift; sourceTree = "<group>"; };
		1527872822ADF6F800D63C7F /* WalletError.swift */ = {isa = PBXFileReference; lastKnownFileType = sourcecode.swift; path = WalletError.swift; sourceTree = "<group>"; };
		1527872B22AE080C00D63C7F /* KaychainHelper.swift */ = {isa = PBXFileReference; lastKnownFileType = sourcecode.swift; path = KaychainHelper.swift; sourceTree = "<group>"; };
		1527872D22AE16D400D63C7F /* WalletManager+Keystore.swift */ = {isa = PBXFileReference; lastKnownFileType = sourcecode.swift; path = "WalletManager+Keystore.swift"; sourceTree = "<group>"; };
		1527873222AE20C800D63C7F /* RNCustomPopUp.swift */ = {isa = PBXFileReference; fileEncoding = 4; lastKnownFileType = sourcecode.swift; path = RNCustomPopUp.swift; sourceTree = "<group>"; };
		1527873322AE20C800D63C7F /* RNCustomPopUp.xib */ = {isa = PBXFileReference; fileEncoding = 4; lastKnownFileType = file.xib; path = RNCustomPopUp.xib; sourceTree = "<group>"; };
		1527873622AE210200D63C7F /* RPCircularProgress.swift */ = {isa = PBXFileReference; fileEncoding = 4; lastKnownFileType = sourcecode.swift; path = RPCircularProgress.swift; sourceTree = "<group>"; };
		1527873922AE216C00D63C7F /* TransactionManager.swift */ = {isa = PBXFileReference; lastKnownFileType = sourcecode.swift; path = TransactionManager.swift; sourceTree = "<group>"; };
		1527873B22AE21B200D63C7F /* UIApplication.swift */ = {isa = PBXFileReference; lastKnownFileType = sourcecode.swift; path = UIApplication.swift; sourceTree = "<group>"; };
		153A654622C9CE2B0035EB2C /* LandingViewController.swift */ = {isa = PBXFileReference; lastKnownFileType = sourcecode.swift; path = LandingViewController.swift; sourceTree = "<group>"; };
		153A654722C9CE2B0035EB2C /* LandingViewController.xib */ = {isa = PBXFileReference; lastKnownFileType = file.xib; path = LandingViewController.xib; sourceTree = "<group>"; };
		153A654A22C9D1A30035EB2C /* BaseRNViewController.swift */ = {isa = PBXFileReference; lastKnownFileType = sourcecode.swift; path = BaseRNViewController.swift; sourceTree = "<group>"; };
		156548E622CDB6B4005C8B2D /* NativeVCModule.swift */ = {isa = PBXFileReference; lastKnownFileType = sourcecode.swift; path = NativeVCModule.swift; sourceTree = "<group>"; };
		156548E922CDBD6E005C8B2D /* String.swift */ = {isa = PBXFileReference; lastKnownFileType = sourcecode.swift; path = String.swift; sourceTree = "<group>"; };
		156548EC22CDC27E005C8B2D /* BaseNavigationController.swift */ = {isa = PBXFileReference; lastKnownFileType = sourcecode.swift; path = BaseNavigationController.swift; sourceTree = "<group>"; };
		156548EF22CDC330005C8B2D /* NetworkSwitchViewController.swift */ = {isa = PBXFileReference; lastKnownFileType = sourcecode.swift; path = NetworkSwitchViewController.swift; sourceTree = "<group>"; };
		156548F022CDC330005C8B2D /* NetworkSwitchViewController.xib */ = {isa = PBXFileReference; lastKnownFileType = file.xib; path = NetworkSwitchViewController.xib; sourceTree = "<group>"; };
		156548F322CDC5BB005C8B2D /* NetworkTableViewCell.swift */ = {isa = PBXFileReference; lastKnownFileType = sourcecode.swift; path = NetworkTableViewCell.swift; sourceTree = "<group>"; };
		156548F422CDC5BB005C8B2D /* NetworkTableViewCell.xib */ = {isa = PBXFileReference; lastKnownFileType = file.xib; path = NetworkTableViewCell.xib; sourceTree = "<group>"; };
		156BCD5D22C4A41B00B380DF /* SignMessagePopUp.swift */ = {isa = PBXFileReference; lastKnownFileType = sourcecode.swift; path = SignMessagePopUp.swift; sourceTree = "<group>"; };
		156BCD5E22C4A41B00B380DF /* SignMessagePopUp.xib */ = {isa = PBXFileReference; lastKnownFileType = file.xib; path = SignMessagePopUp.xib; sourceTree = "<group>"; };
		157A676822CDE12E00DA83AB /* SignYesViewController.swift */ = {isa = PBXFileReference; lastKnownFileType = sourcecode.swift; path = SignYesViewController.swift; sourceTree = "<group>"; };
		157A676922CDE12E00DA83AB /* SignYesViewController.xib */ = {isa = PBXFileReference; lastKnownFileType = file.xib; path = SignYesViewController.xib; sourceTree = "<group>"; };
		157AA56922CC6CE0008AF3A5 /* SettingViewController.swift */ = {isa = PBXFileReference; lastKnownFileType = sourcecode.swift; path = SettingViewController.swift; sourceTree = "<group>"; };
		157AA56A22CC6CE0008AF3A5 /* SettingViewController.xib */ = {isa = PBXFileReference; lastKnownFileType = file.xib; path = SettingViewController.xib; sourceTree = "<group>"; };
		157AA56D22CC8959008AF3A5 /* WalletManager+Network.swift */ = {isa = PBXFileReference; lastKnownFileType = sourcecode.swift; path = "WalletManager+Network.swift"; sourceTree = "<group>"; };
		157AA67C22CCAA63008AF3A5 /* MnemonicsView.swift */ = {isa = PBXFileReference; lastKnownFileType = sourcecode.swift; path = MnemonicsView.swift; sourceTree = "<group>"; };
		157AA67E22CCAA6E008AF3A5 /* MnemonicsView.xib */ = {isa = PBXFileReference; lastKnownFileType = file.xib; path = MnemonicsView.xib; sourceTree = "<group>"; };
		1587395622B9E16A00F36F92 /* PaymentPopUp.swift */ = {isa = PBXFileReference; lastKnownFileType = sourcecode.swift; path = PaymentPopUp.swift; sourceTree = "<group>"; };
		1587395722B9E16A00F36F92 /* PaymentPopUp.xib */ = {isa = PBXFileReference; lastKnownFileType = file.xib; path = PaymentPopUp.xib; sourceTree = "<group>"; };
		1587395B22B9E5C900F36F92 /* CryptoCoin.swift */ = {isa = PBXFileReference; lastKnownFileType = sourcecode.swift; path = CryptoCoin.swift; sourceTree = "<group>"; };
		1587395D22B9EAB300F36F92 /* EthplorerModel.swift */ = {isa = PBXFileReference; lastKnownFileType = sourcecode.swift; path = EthplorerModel.swift; sourceTree = "<group>"; };
		1587396022BA070300F36F92 /* Ethplorer.swift */ = {isa = PBXFileReference; lastKnownFileType = sourcecode.swift; path = Ethplorer.swift; sourceTree = "<group>"; };
		1587396322BA074E00F36F92 /* Moya+HandyJSON.swift */ = {isa = PBXFileReference; lastKnownFileType = sourcecode.swift; path = "Moya+HandyJSON.swift"; sourceTree = "<group>"; };
		1587396922BB48FC00F36F92 /* BaseControl.swift */ = {isa = PBXFileReference; lastKnownFileType = sourcecode.swift; path = BaseControl.swift; sourceTree = "<group>"; };
		1587396D22BB6E9800F36F92 /* UIView.swift */ = {isa = PBXFileReference; lastKnownFileType = sourcecode.swift; path = UIView.swift; sourceTree = "<group>"; };
		158B375122AF5C13005FECAB /* AliceX-Bridging-Header.h */ = {isa = PBXFileReference; lastKnownFileType = sourcecode.c.h; path = "AliceX-Bridging-Header.h"; sourceTree = "<group>"; };
		158B375622AF5C8B005FECAB /* WalletModule.swift */ = {isa = PBXFileReference; lastKnownFileType = sourcecode.swift; path = WalletModule.swift; sourceTree = "<group>"; };
		158B375822AF5DB3005FECAB /* RNBridge.m */ = {isa = PBXFileReference; lastKnownFileType = sourcecode.c.objc; path = RNBridge.m; sourceTree = "<group>"; };
		159085D822CCAC32000BA7E4 /* CGRect.swift */ = {isa = PBXFileReference; lastKnownFileType = sourcecode.swift; path = CGRect.swift; sourceTree = "<group>"; };
		15B86B5522AA043F00110C06 /* AliceX.app */ = {isa = PBXFileReference; explicitFileType = wrapper.application; includeInIndex = 0; path = AliceX.app; sourceTree = BUILT_PRODUCTS_DIR; };
		15B86B5822AA043F00110C06 /* AppDelegate.swift */ = {isa = PBXFileReference; lastKnownFileType = sourcecode.swift; path = AppDelegate.swift; sourceTree = "<group>"; };
		15B86B5F22AA044000110C06 /* Assets.xcassets */ = {isa = PBXFileReference; lastKnownFileType = folder.assetcatalog; path = Assets.xcassets; sourceTree = "<group>"; };
		15B86B6222AA044000110C06 /* Base */ = {isa = PBXFileReference; lastKnownFileType = file.storyboard; name = Base; path = Base.lproj/LaunchScreen.storyboard; sourceTree = "<group>"; };
		15B86B6422AA044000110C06 /* Info.plist */ = {isa = PBXFileReference; lastKnownFileType = text.plist.xml; path = Info.plist; sourceTree = "<group>"; };
		15B86BAC22AA1C9000110C06 /* WalletManager.swift */ = {isa = PBXFileReference; lastKnownFileType = sourcecode.swift; path = WalletManager.swift; sourceTree = "<group>"; };
		15B86BB122AA1D2900110C06 /* BaseViewController.swift */ = {isa = PBXFileReference; lastKnownFileType = sourcecode.swift; path = BaseViewController.swift; sourceTree = "<group>"; };
		15B86BB622AA1E5100110C06 /* WelcomeViewController.swift */ = {isa = PBXFileReference; lastKnownFileType = sourcecode.swift; path = WelcomeViewController.swift; sourceTree = "<group>"; };
		15DE8E3622C9D8BB004B45A2 /* PlayfairDisplay-Black.ttf */ = {isa = PBXFileReference; lastKnownFileType = file; path = "PlayfairDisplay-Black.ttf"; sourceTree = "<group>"; };
		15DE8E3922C9DD45004B45A2 /* ImportWalletViewController.swift */ = {isa = PBXFileReference; lastKnownFileType = sourcecode.swift; path = ImportWalletViewController.swift; sourceTree = "<group>"; };
		15DE8E3A22C9DD45004B45A2 /* ImportWalletViewController.xib */ = {isa = PBXFileReference; lastKnownFileType = file.xib; path = ImportWalletViewController.xib; sourceTree = "<group>"; };
		15DE8E3D22CA1B96004B45A2 /* RNModule.swift */ = {isa = PBXFileReference; lastKnownFileType = sourcecode.swift; path = RNModule.swift; sourceTree = "<group>"; };
		15EF382522D5835B00C4A2C1 /* AliceX.entitlements */ = {isa = PBXFileReference; fileEncoding = 4; lastKnownFileType = text.plist.entitlements; path = AliceX.entitlements; sourceTree = "<group>"; };
		15F985DA22C3205700942357 /* ContractModule.swift */ = {isa = PBXFileReference; lastKnownFileType = sourcecode.swift; path = ContractModule.swift; sourceTree = "<group>"; };
		15F985DE22C33E9300942357 /* HUDManager.swift */ = {isa = PBXFileReference; lastKnownFileType = sourcecode.swift; path = HUDManager.swift; sourceTree = "<group>"; };
		15F985E322C34DAF00942357 /* ContractPopUp.xib */ = {isa = PBXFileReference; lastKnownFileType = file.xib; path = ContractPopUp.xib; sourceTree = "<group>"; };
		15F985E522C34E1400942357 /* ContractPopUp.swift */ = {isa = PBXFileReference; lastKnownFileType = sourcecode.swift; path = ContractPopUp.swift; sourceTree = "<group>"; };
		57DB9A04430958D600B66500 /* Pods-AliceX.release.xcconfig */ = {isa = PBXFileReference; includeInIndex = 1; lastKnownFileType = text.xcconfig; name = "Pods-AliceX.release.xcconfig"; path = "Target Support Files/Pods-AliceX/Pods-AliceX.release.xcconfig"; sourceTree = "<group>"; };
		8D38A72490D041400F0A6626 /* Pods_AliceX.framework */ = {isa = PBXFileReference; explicitFileType = wrapper.framework; includeInIndex = 0; path = Pods_AliceX.framework; sourceTree = BUILT_PRODUCTS_DIR; };
		BD3C2A6122CF1D670072FACE /* react_native_onesignal.framework */ = {isa = PBXFileReference; explicitFileType = wrapper.framework; path = react_native_onesignal.framework; sourceTree = BUILT_PRODUCTS_DIR; };
		CD32284C64790E491D04155B /* Pods-AliceX.debug.xcconfig */ = {isa = PBXFileReference; includeInIndex = 1; lastKnownFileType = text.xcconfig; name = "Pods-AliceX.debug.xcconfig"; path = "Target Support Files/Pods-AliceX/Pods-AliceX.debug.xcconfig"; sourceTree = "<group>"; };
/* End PBXFileReference section */

/* Begin PBXFrameworksBuildPhase section */
		15B86B5222AA043F00110C06 /* Frameworks */ = {
			isa = PBXFrameworksBuildPhase;
			buildActionMask = 2147483647;
			files = (
				298AA258D51EC4E8D3A055C6 /* Pods_AliceX.framework in Frameworks */,
			);
			runOnlyForDeploymentPostprocessing = 0;
		};
/* End PBXFrameworksBuildPhase section */

/* Begin PBXGroup section */
		1527872A22AE07FA00D63C7F /* Keychain */ = {
			isa = PBXGroup;
			children = (
				1527872B22AE080C00D63C7F /* KaychainHelper.swift */,
			);
			path = Keychain;
			sourceTree = "<group>";
		};
		1527872F22AE207400D63C7F /* Transaction */ = {
			isa = PBXGroup;
			children = (
				1587396B22BB4A1500F36F92 /* GasFee */,
				1527873122AE209100D63C7F /* Popup */,
				1527873922AE216C00D63C7F /* TransactionManager.swift */,
			);
			path = Transaction;
			sourceTree = "<group>";
		};
		1527873122AE209100D63C7F /* Popup */ = {
			isa = PBXGroup;
			children = (
				156BCD5C22C4A3F600B380DF /* SignMessage */,
				15F985E022C34D6000942357 /* Contract */,
				1587395522B9E12A00F36F92 /* Payment */,
				1587395422B9E11000F36F92 /* RNCustomView */,
			);
			path = Popup;
			sourceTree = "<group>";
		};
		153A654522C9CDE40035EB2C /* Landing */ = {
			isa = PBXGroup;
			children = (
				15DE8E3822C9DD23004B45A2 /* Import */,
				153A654622C9CE2B0035EB2C /* LandingViewController.swift */,
				153A654722C9CE2B0035EB2C /* LandingViewController.xib */,
			);
			path = Landing;
			sourceTree = "<group>";
		};
		156548E822CDBD53005C8B2D /* Extension */ = {
			isa = PBXGroup;
			children = (
			);
			path = Extension;
			sourceTree = "<group>";
		};
		156548EE22CDC30F005C8B2D /* network */ = {
			isa = PBXGroup;
			children = (
				156548EF22CDC330005C8B2D /* NetworkSwitchViewController.swift */,
				156548F022CDC330005C8B2D /* NetworkSwitchViewController.xib */,
				156548F322CDC5BB005C8B2D /* NetworkTableViewCell.swift */,
				156548F422CDC5BB005C8B2D /* NetworkTableViewCell.xib */,
			);
			path = network;
			sourceTree = "<group>";
		};
		156BCD5C22C4A3F600B380DF /* SignMessage */ = {
			isa = PBXGroup;
			children = (
				156BCD5D22C4A41B00B380DF /* SignMessagePopUp.swift */,
				156BCD5E22C4A41B00B380DF /* SignMessagePopUp.xib */,
			);
			path = SignMessage;
			sourceTree = "<group>";
		};
		157A676722CDE0F500DA83AB /* signYes */ = {
			isa = PBXGroup;
			children = (
				157A676822CDE12E00DA83AB /* SignYesViewController.swift */,
				157A676922CDE12E00DA83AB /* SignYesViewController.xib */,
			);
			path = signYes;
			sourceTree = "<group>";
		};
		157AA56822CC6CC9008AF3A5 /* Setting */ = {
			isa = PBXGroup;
			children = (
				157A676722CDE0F500DA83AB /* signYes */,
				156548EE22CDC30F005C8B2D /* network */,
				157AA67B22CCAA33008AF3A5 /* mnemonics */,
				157AA56922CC6CE0008AF3A5 /* SettingViewController.swift */,
				157AA56A22CC6CE0008AF3A5 /* SettingViewController.xib */,
			);
			path = Setting;
			sourceTree = "<group>";
		};
		157AA67B22CCAA33008AF3A5 /* mnemonics */ = {
			isa = PBXGroup;
			children = (
				157AA67C22CCAA63008AF3A5 /* MnemonicsView.swift */,
				157AA67E22CCAA6E008AF3A5 /* MnemonicsView.xib */,
			);
			path = mnemonics;
			sourceTree = "<group>";
		};
		1587395422B9E11000F36F92 /* RNCustomView */ = {
			isa = PBXGroup;
			children = (
				1527873222AE20C800D63C7F /* RNCustomPopUp.swift */,
				1527873322AE20C800D63C7F /* RNCustomPopUp.xib */,
			);
			path = RNCustomView;
			sourceTree = "<group>";
		};
		1587395522B9E12A00F36F92 /* Payment */ = {
			isa = PBXGroup;
			children = (
				1587395622B9E16A00F36F92 /* PaymentPopUp.swift */,
				1587395722B9E16A00F36F92 /* PaymentPopUp.xib */,
			);
			path = Payment;
			sourceTree = "<group>";
		};
		1587395A22B9E5A000F36F92 /* Network */ = {
			isa = PBXGroup;
			children = (
				1587396822BA0ECF00F36F92 /* WebSocket */,
				1587396722BA0EB900F36F92 /* API */,
			);
			path = Network;
			sourceTree = "<group>";
		};
		1587396222BA073800F36F92 /* Util */ = {
			isa = PBXGroup;
			children = (
				1587396322BA074E00F36F92 /* Moya+HandyJSON.swift */,
			);
			path = Util;
			sourceTree = "<group>";
		};
		1587396722BA0EB900F36F92 /* API */ = {
			isa = PBXGroup;
			children = (
				1587396222BA073800F36F92 /* Util */,
				1587396022BA070300F36F92 /* Ethplorer.swift */,
				1587395B22B9E5C900F36F92 /* CryptoCoin.swift */,
				1587395D22B9EAB300F36F92 /* EthplorerModel.swift */,
			);
			path = API;
			sourceTree = "<group>";
		};
		1587396822BA0ECF00F36F92 /* WebSocket */ = {
			isa = PBXGroup;
			children = (
			);
			path = WebSocket;
			sourceTree = "<group>";
		};
		1587396B22BB4A1500F36F92 /* GasFee */ = {
			isa = PBXGroup;
			children = (
			);
			path = GasFee;
			sourceTree = "<group>";
		};
		158B375022AF5BF0005FECAB /* ReactNative */ = {
			isa = PBXGroup;
			children = (
				158B375122AF5C13005FECAB /* AliceX-Bridging-Header.h */,
				158B375622AF5C8B005FECAB /* WalletModule.swift */,
				15F985DA22C3205700942357 /* ContractModule.swift */,
				156548E622CDB6B4005C8B2D /* NativeVCModule.swift */,
				158B375822AF5DB3005FECAB /* RNBridge.m */,
				15DE8E3D22CA1B96004B45A2 /* RNModule.swift */,
				151EDA9D22CEFB5E00F65980 /* CallRNModule.swift */,
			);
			path = ReactNative;
			sourceTree = "<group>";
		};
		15B86B4C22AA043F00110C06 = {
			isa = PBXGroup;
			children = (
				15B86B5722AA043F00110C06 /* AliceX */,
				15B86B5622AA043F00110C06 /* Products */,
				876CA3F15BC9D26DB41AD374 /* Pods */,
				E140F226DB6F1398B69A36F7 /* Frameworks */,
			);
			sourceTree = "<group>";
		};
		15B86B5622AA043F00110C06 /* Products */ = {
			isa = PBXGroup;
			children = (
				15B86B5522AA043F00110C06 /* AliceX.app */,
			);
			name = Products;
			sourceTree = "<group>";
		};
		15B86B5722AA043F00110C06 /* AliceX */ = {
			isa = PBXGroup;
			children = (
				158B375022AF5BF0005FECAB /* ReactNative */,
				15B86BA722AA1C4F00110C06 /* Base */,
				15B86BB522AA1DC700110C06 /* Storyboard */,
				15B86BB422AA1DAF00110C06 /* Modules */,
				15B86BB322AA1D9100110C06 /* Support */,
				15B86BAF22AA1CE200110C06 /* Libary */,
				15B86BAE22AA1CD100110C06 /* Extension */,
				15B86BA822AA1C5400110C06 /* Resources */,
			);
			path = AliceX;
			sourceTree = "<group>";
		};
		15B86BA622AA1C4600110C06 /* Wallet */ = {
			isa = PBXGroup;
			children = (
				15B86BAC22AA1C9000110C06 /* WalletManager.swift */,
				157AA56D22CC8959008AF3A5 /* WalletManager+Network.swift */,
				1527872D22AE16D400D63C7F /* WalletManager+Keystore.swift */,
				1527872622ADF5EA00D63C7F /* WalletStruct.swift */,
				1527872822ADF6F800D63C7F /* WalletError.swift */,
			);
			path = Wallet;
			sourceTree = "<group>";
		};
		15B86BA722AA1C4F00110C06 /* Base */ = {
			isa = PBXGroup;
			children = (
				15B86BB122AA1D2900110C06 /* BaseViewController.swift */,
				1587396922BB48FC00F36F92 /* BaseControl.swift */,
				153A654A22C9D1A30035EB2C /* BaseRNViewController.swift */,
				156548EC22CDC27E005C8B2D /* BaseNavigationController.swift */,
			);
			path = Base;
			sourceTree = "<group>";
		};
		15B86BA822AA1C5400110C06 /* Resources */ = {
			isa = PBXGroup;
			children = (
				15B86BB022AA1D1100110C06 /* fonts */,
				15B86BAB22AA1C6E00110C06 /* sounds */,
				15B86BAA22AA1C6600110C06 /* music */,
				15B86BA922AA1C5F00110C06 /* image */,
			);
			path = Resources;
			sourceTree = "<group>";
		};
		15B86BA922AA1C5F00110C06 /* image */ = {
			isa = PBXGroup;
			children = (
				15B86B5F22AA044000110C06 /* Assets.xcassets */,
			);
			path = image;
			sourceTree = "<group>";
		};
		15B86BAA22AA1C6600110C06 /* music */ = {
			isa = PBXGroup;
			children = (
			);
			path = music;
			sourceTree = "<group>";
		};
		15B86BAB22AA1C6E00110C06 /* sounds */ = {
			isa = PBXGroup;
			children = (
			);
			path = sounds;
			sourceTree = "<group>";
		};
		15B86BAE22AA1CD100110C06 /* Extension */ = {
			isa = PBXGroup;
			children = (
				1527872022ADEE0900D63C7F /* UIColor.swift */,
				1527872222ADEE3500D63C7F /* UITableView.swift */,
				1527872422ADEE6300D63C7F /* NSObject.swift */,
				1527873B22AE21B200D63C7F /* UIApplication.swift */,
				1587396D22BB6E9800F36F92 /* UIView.swift */,
				159085D822CCAC32000BA7E4 /* CGRect.swift */,
				156548E922CDBD6E005C8B2D /* String.swift */,
			);
			path = Extension;
			sourceTree = "<group>";
		};
		15B86BAF22AA1CE200110C06 /* Libary */ = {
			isa = PBXGroup;
			children = (
				1527873622AE210200D63C7F /* RPCircularProgress.swift */,
			);
			path = Libary;
			sourceTree = "<group>";
		};
		15B86BB022AA1D1100110C06 /* fonts */ = {
			isa = PBXGroup;
			children = (
				15DE8E3622C9D8BB004B45A2 /* PlayfairDisplay-Black.ttf */,
			);
			path = fonts;
			sourceTree = "<group>";
		};
		15B86BB322AA1D9100110C06 /* Support */ = {
			isa = PBXGroup;
			children = (
				15EF382522D5835B00C4A2C1 /* AliceX.entitlements */,
				15B86B6422AA044000110C06 /* Info.plist */,
				1527871C22ADEBEE00D63C7F /* Constant.swift */,
				1527871E22ADEDAB00D63C7F /* Style.swift */,
			);
			path = Support;
			sourceTree = "<group>";
		};
		15B86BB422AA1DAF00110C06 /* Modules */ = {
			isa = PBXGroup;
			children = (
				156548E822CDBD53005C8B2D /* Extension */,
				157AA56822CC6CC9008AF3A5 /* Setting */,
				153A654522C9CDE40035EB2C /* Landing */,
				15F985DD22C33AE000942357 /* HUD */,
				1587395A22B9E5A000F36F92 /* Network */,
				1527872F22AE207400D63C7F /* Transaction */,
				1527872A22AE07FA00D63C7F /* Keychain */,
				15B86BBB22AA1E9400110C06 /* Appdelegate */,
				15B86BBA22AA1E5700110C06 /* Welcome */,
				15B86BA622AA1C4600110C06 /* Wallet */,
			);
			path = Modules;
			sourceTree = "<group>";
		};
		15B86BB522AA1DC700110C06 /* Storyboard */ = {
			isa = PBXGroup;
			children = (
				15B86B6122AA044000110C06 /* LaunchScreen.storyboard */,
			);
			path = Storyboard;
			sourceTree = "<group>";
		};
		15B86BBA22AA1E5700110C06 /* Welcome */ = {
			isa = PBXGroup;
			children = (
				15B86BB622AA1E5100110C06 /* WelcomeViewController.swift */,
			);
			path = Welcome;
			sourceTree = "<group>";
		};
		15B86BBB22AA1E9400110C06 /* Appdelegate */ = {
			isa = PBXGroup;
			children = (
				15B86B5822AA043F00110C06 /* AppDelegate.swift */,
			);
			path = Appdelegate;
			sourceTree = "<group>";
		};
		15DE8E3822C9DD23004B45A2 /* Import */ = {
			isa = PBXGroup;
			children = (
				15DE8E3922C9DD45004B45A2 /* ImportWalletViewController.swift */,
				15DE8E3A22C9DD45004B45A2 /* ImportWalletViewController.xib */,
			);
			path = Import;
			sourceTree = "<group>";
		};
		15F985DD22C33AE000942357 /* HUD */ = {
			isa = PBXGroup;
			children = (
				15F985DE22C33E9300942357 /* HUDManager.swift */,
			);
			path = HUD;
			sourceTree = "<group>";
		};
		15F985E022C34D6000942357 /* Contract */ = {
			isa = PBXGroup;
			children = (
				15F985E322C34DAF00942357 /* ContractPopUp.xib */,
				15F985E522C34E1400942357 /* ContractPopUp.swift */,
			);
			path = Contract;
			sourceTree = "<group>";
		};
		876CA3F15BC9D26DB41AD374 /* Pods */ = {
			isa = PBXGroup;
			children = (
				CD32284C64790E491D04155B /* Pods-AliceX.debug.xcconfig */,
				57DB9A04430958D600B66500 /* Pods-AliceX.release.xcconfig */,
			);
			path = Pods;
			sourceTree = "<group>";
		};
		E140F226DB6F1398B69A36F7 /* Frameworks */ = {
			isa = PBXGroup;
			children = (
				BD3C2A6122CF1D670072FACE /* react_native_onesignal.framework */,
				8D38A72490D041400F0A6626 /* Pods_AliceX.framework */,
			);
			name = Frameworks;
			sourceTree = "<group>";
		};
/* End PBXGroup section */

/* Begin PBXHeadersBuildPhase section */
		15B86BA422AA09D200110C06 /* Headers */ = {
			isa = PBXHeadersBuildPhase;
			buildActionMask = 2147483647;
			files = (
			);
			runOnlyForDeploymentPostprocessing = 0;
		};
/* End PBXHeadersBuildPhase section */

/* Begin PBXNativeTarget section */
		15B86B5422AA043F00110C06 /* AliceX */ = {
			isa = PBXNativeTarget;
			buildConfigurationList = 15B86B6722AA044000110C06 /* Build configuration list for PBXNativeTarget "AliceX" */;
			buildPhases = (
				974C1A887C4BB2471776761D /* [CP] Check Pods Manifest.lock */,
				15B86BA422AA09D200110C06 /* Headers */,
				15B86B5122AA043F00110C06 /* Sources */,
				15B86B5222AA043F00110C06 /* Frameworks */,
				15B86BA522AA09DE00110C06 /* Bundle React Native code and images */,
				BD80632022C9CD8100C1D25F /* Launch React Native Packager */,
				15B86B5322AA043F00110C06 /* Resources */,
				1587395F22B9F9FB00F36F92 /* Swift Lint */,
				3F8AE759A3D9AED6374B00A5 /* [CP] Embed Pods Frameworks */,
			);
			buildRules = (
			);
			dependencies = (
			);
			name = AliceX;
			productName = AliceX;
			productReference = 15B86B5522AA043F00110C06 /* AliceX.app */;
			productType = "com.apple.product-type.application";
		};
/* End PBXNativeTarget section */

/* Begin PBXProject section */
		15B86B4D22AA043F00110C06 /* Project object */ = {
			isa = PBXProject;
			attributes = {
				LastSwiftUpdateCheck = 1020;
				LastUpgradeCheck = 1020;
				ORGANIZATIONNAME = lmcmz;
				TargetAttributes = {
					15B86B5422AA043F00110C06 = {
						CreatedOnToolsVersion = 10.2.1;
						LastSwiftMigration = 1020;
						SystemCapabilities = {
							com.apple.BackgroundModes = {
								enabled = 1;
							};
							com.apple.Push = {
								enabled = 1;
							};
						};
					};
				};
			};
			buildConfigurationList = 15B86B5022AA043F00110C06 /* Build configuration list for PBXProject "AliceX" */;
			compatibilityVersion = "Xcode 9.3";
			developmentRegion = en;
			hasScannedForEncodings = 0;
			knownRegions = (
				en,
				Base,
			);
			mainGroup = 15B86B4C22AA043F00110C06;
			productRefGroup = 15B86B5622AA043F00110C06 /* Products */;
			projectDirPath = "";
			projectRoot = "";
			targets = (
				15B86B5422AA043F00110C06 /* AliceX */,
			);
		};
/* End PBXProject section */

/* Begin PBXResourcesBuildPhase section */
		15B86B5322AA043F00110C06 /* Resources */ = {
			isa = PBXResourcesBuildPhase;
			buildActionMask = 2147483647;
			files = (
				15B86B6322AA044000110C06 /* LaunchScreen.storyboard in Resources */,
				156BCD6022C4A41B00B380DF /* SignMessagePopUp.xib in Resources */,
				15F985E422C34DAF00942357 /* ContractPopUp.xib in Resources */,
				157A676B22CDE12E00DA83AB /* SignYesViewController.xib in Resources */,
				157AA67F22CCAA6E008AF3A5 /* MnemonicsView.xib in Resources */,
				15DE8E3C22C9DD45004B45A2 /* ImportWalletViewController.xib in Resources */,
				15B86B6022AA044000110C06 /* Assets.xcassets in Resources */,
				1587395922B9E16A00F36F92 /* PaymentPopUp.xib in Resources */,
				157AA56C22CC6CE0008AF3A5 /* SettingViewController.xib in Resources */,
				153A654922C9CE2B0035EB2C /* LandingViewController.xib in Resources */,
				1527873522AE20C800D63C7F /* RNCustomPopUp.xib in Resources */,
				156548F622CDC5BB005C8B2D /* NetworkTableViewCell.xib in Resources */,
				15DE8E3722C9D8BF004B45A2 /* PlayfairDisplay-Black.ttf in Resources */,
				156548F222CDC330005C8B2D /* NetworkSwitchViewController.xib in Resources */,
			);
			runOnlyForDeploymentPostprocessing = 0;
		};
/* End PBXResourcesBuildPhase section */

/* Begin PBXShellScriptBuildPhase section */
		1587395F22B9F9FB00F36F92 /* Swift Lint */ = {
			isa = PBXShellScriptBuildPhase;
			buildActionMask = 2147483647;
			files = (
			);
			inputFileListPaths = (
			);
			inputPaths = (
			);
			name = "Swift Lint";
			outputFileListPaths = (
			);
			outputPaths = (
			);
			runOnlyForDeploymentPostprocessing = 0;
			shellPath = /bin/sh;
			shellScript = "# Type a script or drag a script file from your workspace to insert its path.\nif which swiftlint >/dev/null; then\nswiftlint\nelse\necho \"warning: SwiftLint not installed, download from https://github.com/realm/SwiftLint\"\nfi\n";
		};
		15B86BA522AA09DE00110C06 /* Bundle React Native code and images */ = {
			isa = PBXShellScriptBuildPhase;
			buildActionMask = 2147483647;
			files = (
			);
			inputFileListPaths = (
			);
			inputPaths = (
			);
			name = "Bundle React Native code and images";
			outputFileListPaths = (
			);
			outputPaths = (
			);
			runOnlyForDeploymentPostprocessing = 0;
			shellPath = /bin/sh;
			shellScript = "# Type a script or drag a script file from your workspace to insert its path.\nexport NODE_BINARY=node\n../node_modules/react-native/scripts/react-native-xcode.sh\n";
		};
		3F8AE759A3D9AED6374B00A5 /* [CP] Embed Pods Frameworks */ = {
			isa = PBXShellScriptBuildPhase;
			buildActionMask = 2147483647;
			files = (
			);
			inputFileListPaths = (
			);
			inputPaths = (
				"${PODS_ROOT}/Target Support Files/Pods-AliceX/Pods-AliceX-frameworks.sh",
				"${BUILT_PRODUCTS_DIR}/Alamofire/Alamofire.framework",
				"${BUILT_PRODUCTS_DIR}/Base64/Base64.framework",
				"${PODS_ROOT}/BigInt/BigInt.framework",
				"${PODS_ROOT}/BigInt/BigInt.framework.dSYM",
				"${BUILT_PRODUCTS_DIR}/CodePush/CodePush.framework",
				"${PODS_ROOT}/CryptoSwift/CryptoSwift.framework",
				"${PODS_ROOT}/CryptoSwift/CryptoSwift.framework.dSYM",
				"${BUILT_PRODUCTS_DIR}/DoubleConversion/DoubleConversion.framework",
				"${BUILT_PRODUCTS_DIR}/Folly/folly.framework",
				"${BUILT_PRODUCTS_DIR}/HandyJSON/HandyJSON.framework",
				"${BUILT_PRODUCTS_DIR}/Hero/Hero.framework",
				"${BUILT_PRODUCTS_DIR}/IQKeyboardManagerSwift/IQKeyboardManagerSwift.framework",
				"${BUILT_PRODUCTS_DIR}/JWT/JWT.framework",
				"${BUILT_PRODUCTS_DIR}/KeychainAccess/KeychainAccess.framework",
				"${BUILT_PRODUCTS_DIR}/MarqueeLabel/MarqueeLabel.framework",
				"${BUILT_PRODUCTS_DIR}/Moya/Moya.framework",
				"${PODS_ROOT}/PromiseKit/PromiseKit.framework",
				"${PODS_ROOT}/PromiseKit/PromiseKit.framework.dSYM",
				"${BUILT_PRODUCTS_DIR}/QuickLayout/QuickLayout.framework",
				"${BUILT_PRODUCTS_DIR}/RNGestureHandler/RNGestureHandler.framework",
				"${BUILT_PRODUCTS_DIR}/React/React.framework",
				"${BUILT_PRODUCTS_DIR}/Result/Result.framework",
				"${BUILT_PRODUCTS_DIR}/SPStorkController/SPStorkController.framework",
				"${BUILT_PRODUCTS_DIR}/SSZipArchive/SSZipArchive.framework",
				"${PODS_ROOT}/Starscream/Starscream.framework",
				"${PODS_ROOT}/Starscream/Starscream.framework.dSYM",
				"${BUILT_PRODUCTS_DIR}/SwiftEntryKit/SwiftEntryKit.framework",
				"${BUILT_PRODUCTS_DIR}/fluid-slider/fluid_slider.framework",
				"${BUILT_PRODUCTS_DIR}/glog/glog.framework",
				"${BUILT_PRODUCTS_DIR}/pop/pop.framework",
				"${BUILT_PRODUCTS_DIR}/react-native-camera/react_native_camera.framework",
				"${PODS_ROOT}/../../node_modules/@react-native-mapbox-gl/maps/ios/Mapbox.framework",
				"${BUILT_PRODUCTS_DIR}/react-native-mapbox-gl/react_native_mapbox_gl.framework",
				"${PODS_ROOT}/secp256k1.c/secp256k1.framework",
				"${PODS_ROOT}/secp256k1.c/secp256k1.framework.dSYM",
				"${PODS_ROOT}/web3.swift.pod/web3swift.framework",
				"${PODS_ROOT}/web3.swift.pod/web3swift.framework.dSYM",
				"${BUILT_PRODUCTS_DIR}/yoga/yoga.framework",
			);
			name = "[CP] Embed Pods Frameworks";
			outputFileListPaths = (
			);
			outputPaths = (
				"${TARGET_BUILD_DIR}/${FRAMEWORKS_FOLDER_PATH}/Alamofire.framework",
				"${TARGET_BUILD_DIR}/${FRAMEWORKS_FOLDER_PATH}/Base64.framework",
				"${TARGET_BUILD_DIR}/${FRAMEWORKS_FOLDER_PATH}/BigInt.framework",
				"${DWARF_DSYM_FOLDER_PATH}/BigInt.framework.dSYM",
				"${TARGET_BUILD_DIR}/${FRAMEWORKS_FOLDER_PATH}/CodePush.framework",
				"${TARGET_BUILD_DIR}/${FRAMEWORKS_FOLDER_PATH}/CryptoSwift.framework",
				"${DWARF_DSYM_FOLDER_PATH}/CryptoSwift.framework.dSYM",
				"${TARGET_BUILD_DIR}/${FRAMEWORKS_FOLDER_PATH}/DoubleConversion.framework",
				"${TARGET_BUILD_DIR}/${FRAMEWORKS_FOLDER_PATH}/folly.framework",
				"${TARGET_BUILD_DIR}/${FRAMEWORKS_FOLDER_PATH}/HandyJSON.framework",
				"${TARGET_BUILD_DIR}/${FRAMEWORKS_FOLDER_PATH}/Hero.framework",
				"${TARGET_BUILD_DIR}/${FRAMEWORKS_FOLDER_PATH}/IQKeyboardManagerSwift.framework",
				"${TARGET_BUILD_DIR}/${FRAMEWORKS_FOLDER_PATH}/JWT.framework",
				"${TARGET_BUILD_DIR}/${FRAMEWORKS_FOLDER_PATH}/KeychainAccess.framework",
				"${TARGET_BUILD_DIR}/${FRAMEWORKS_FOLDER_PATH}/MarqueeLabel.framework",
				"${TARGET_BUILD_DIR}/${FRAMEWORKS_FOLDER_PATH}/Moya.framework",
				"${TARGET_BUILD_DIR}/${FRAMEWORKS_FOLDER_PATH}/PromiseKit.framework",
				"${DWARF_DSYM_FOLDER_PATH}/PromiseKit.framework.dSYM",
				"${TARGET_BUILD_DIR}/${FRAMEWORKS_FOLDER_PATH}/QuickLayout.framework",
				"${TARGET_BUILD_DIR}/${FRAMEWORKS_FOLDER_PATH}/RNGestureHandler.framework",
				"${TARGET_BUILD_DIR}/${FRAMEWORKS_FOLDER_PATH}/React.framework",
				"${TARGET_BUILD_DIR}/${FRAMEWORKS_FOLDER_PATH}/Result.framework",
				"${TARGET_BUILD_DIR}/${FRAMEWORKS_FOLDER_PATH}/SPStorkController.framework",
				"${TARGET_BUILD_DIR}/${FRAMEWORKS_FOLDER_PATH}/SSZipArchive.framework",
				"${TARGET_BUILD_DIR}/${FRAMEWORKS_FOLDER_PATH}/Starscream.framework",
				"${DWARF_DSYM_FOLDER_PATH}/Starscream.framework.dSYM",
				"${TARGET_BUILD_DIR}/${FRAMEWORKS_FOLDER_PATH}/SwiftEntryKit.framework",
				"${TARGET_BUILD_DIR}/${FRAMEWORKS_FOLDER_PATH}/fluid_slider.framework",
				"${TARGET_BUILD_DIR}/${FRAMEWORKS_FOLDER_PATH}/glog.framework",
				"${TARGET_BUILD_DIR}/${FRAMEWORKS_FOLDER_PATH}/pop.framework",
				"${TARGET_BUILD_DIR}/${FRAMEWORKS_FOLDER_PATH}/react_native_camera.framework",
				"${TARGET_BUILD_DIR}/${FRAMEWORKS_FOLDER_PATH}/Mapbox.framework",
				"${TARGET_BUILD_DIR}/${FRAMEWORKS_FOLDER_PATH}/react_native_mapbox_gl.framework",
				"${TARGET_BUILD_DIR}/${FRAMEWORKS_FOLDER_PATH}/secp256k1.framework",
				"${DWARF_DSYM_FOLDER_PATH}/secp256k1.framework.dSYM",
				"${TARGET_BUILD_DIR}/${FRAMEWORKS_FOLDER_PATH}/web3swift.framework",
				"${DWARF_DSYM_FOLDER_PATH}/web3swift.framework.dSYM",
				"${TARGET_BUILD_DIR}/${FRAMEWORKS_FOLDER_PATH}/yoga.framework",
			);
			runOnlyForDeploymentPostprocessing = 0;
			shellPath = /bin/sh;
			shellScript = "\"${PODS_ROOT}/Target Support Files/Pods-AliceX/Pods-AliceX-frameworks.sh\"\n";
			showEnvVarsInLog = 0;
		};
		974C1A887C4BB2471776761D /* [CP] Check Pods Manifest.lock */ = {
			isa = PBXShellScriptBuildPhase;
			buildActionMask = 2147483647;
			files = (
			);
			inputFileListPaths = (
			);
			inputPaths = (
				"${PODS_PODFILE_DIR_PATH}/Podfile.lock",
				"${PODS_ROOT}/Manifest.lock",
			);
			name = "[CP] Check Pods Manifest.lock";
			outputFileListPaths = (
			);
			outputPaths = (
				"$(DERIVED_FILE_DIR)/Pods-AliceX-checkManifestLockResult.txt",
			);
			runOnlyForDeploymentPostprocessing = 0;
			shellPath = /bin/sh;
			shellScript = "diff \"${PODS_PODFILE_DIR_PATH}/Podfile.lock\" \"${PODS_ROOT}/Manifest.lock\" > /dev/null\nif [ $? != 0 ] ; then\n    # print error to STDERR\n    echo \"error: The sandbox is not in sync with the Podfile.lock. Run 'pod install' or update your CocoaPods installation.\" >&2\n    exit 1\nfi\n# This output is used by Xcode 'outputs' to avoid re-running this script phase.\necho \"SUCCESS\" > \"${SCRIPT_OUTPUT_FILE_0}\"\n";
			showEnvVarsInLog = 0;
		};
		BD80632022C9CD8100C1D25F /* Launch React Native Packager */ = {
			isa = PBXShellScriptBuildPhase;
			buildActionMask = 2147483647;
			files = (
			);
			inputFileListPaths = (
			);
			inputPaths = (
			);
			name = "Launch React Native Packager";
			outputFileListPaths = (
			);
			outputPaths = (
			);
			runOnlyForDeploymentPostprocessing = 0;
			shellPath = /bin/sh;
			shellScript = "# Launch React Native Packager\nif nc -w 5 -z localhost 8081 ; then\nif ! curl -s \"http://localhost:8081/status\" | grep -q \"packager-status:running\" ; then\necho \"Port 8081 already in use, packager is either not running or not running correctly\"\nexit 2\nfi\nelse\nopen -a Terminal $SRCROOT/../node_modules/react-native/scripts/launchPackager.command || echo \"Can't start packager automatically\"\nfi\n";
		};
/* End PBXShellScriptBuildPhase section */

/* Begin PBXSourcesBuildPhase section */
		15B86B5122AA043F00110C06 /* Sources */ = {
			isa = PBXSourcesBuildPhase;
			buildActionMask = 2147483647;
			files = (
				159085D922CCAC32000BA7E4 /* CGRect.swift in Sources */,
				1587396E22BB6E9800F36F92 /* UIView.swift in Sources */,
				15B86BAD22AA1C9000110C06 /* WalletManager.swift in Sources */,
				156548F122CDC330005C8B2D /* NetworkSwitchViewController.swift in Sources */,
				1527872122ADEE0900D63C7F /* UIColor.swift in Sources */,
				1527872E22AE16D400D63C7F /* WalletManager+Keystore.swift in Sources */,
				1527871F22ADEDAB00D63C7F /* Style.swift in Sources */,
				157AA56B22CC6CE0008AF3A5 /* SettingViewController.swift in Sources */,
				156BCD5F22C4A41B00B380DF /* SignMessagePopUp.swift in Sources */,
				1527873A22AE216C00D63C7F /* TransactionManager.swift in Sources */,
				1587396A22BB48FD00F36F92 /* BaseControl.swift in Sources */,
				1527872522ADEE6300D63C7F /* NSObject.swift in Sources */,
				1527872922ADF6F800D63C7F /* WalletError.swift in Sources */,
				156548E722CDB6B4005C8B2D /* NativeVCModule.swift in Sources */,
				157AA56E22CC8959008AF3A5 /* WalletManager+Network.swift in Sources */,
				15DE8E3B22C9DD45004B45A2 /* ImportWalletViewController.swift in Sources */,
				15DE8E3E22CA1B96004B45A2 /* RNModule.swift in Sources */,
				158B375922AF5DB3005FECAB /* RNBridge.m in Sources */,
				15F985DB22C3205700942357 /* ContractModule.swift in Sources */,
				15F985DF22C33E9300942357 /* HUDManager.swift in Sources */,
				15B86BB822AA1E5100110C06 /* WelcomeViewController.swift in Sources */,
				1527873422AE20C800D63C7F /* RNCustomPopUp.swift in Sources */,
				157AA67D22CCAA63008AF3A5 /* MnemonicsView.swift in Sources */,
				156548EA22CDBD6E005C8B2D /* String.swift in Sources */,
				153A654B22C9D1A30035EB2C /* BaseRNViewController.swift in Sources */,
				151EDA9E22CEFB5E00F65980 /* CallRNModule.swift in Sources */,
				15B86BB222AA1D2900110C06 /* BaseViewController.swift in Sources */,
				1527872C22AE080C00D63C7F /* KaychainHelper.swift in Sources */,
				158B375722AF5C8B005FECAB /* WalletModule.swift in Sources */,
				156548ED22CDC27E005C8B2D /* BaseNavigationController.swift in Sources */,
				1587396122BA070300F36F92 /* Ethplorer.swift in Sources */,
				153A654822C9CE2B0035EB2C /* LandingViewController.swift in Sources */,
				1527873C22AE21B200D63C7F /* UIApplication.swift in Sources */,
				1527872322ADEE3500D63C7F /* UITableView.swift in Sources */,
				15B86B5922AA043F00110C06 /* AppDelegate.swift in Sources */,
				1527871D22ADEBEE00D63C7F /* Constant.swift in Sources */,
				1587395C22B9E5C900F36F92 /* CryptoCoin.swift in Sources */,
				1527873722AE210200D63C7F /* RPCircularProgress.swift in Sources */,
				1527872722ADF5EA00D63C7F /* WalletStruct.swift in Sources */,
				1587395E22B9EAB300F36F92 /* EthplorerModel.swift in Sources */,
				157A676A22CDE12E00DA83AB /* SignYesViewController.swift in Sources */,
				15F985E622C34E1400942357 /* ContractPopUp.swift in Sources */,
				1587396422BA074E00F36F92 /* Moya+HandyJSON.swift in Sources */,
				156548F522CDC5BB005C8B2D /* NetworkTableViewCell.swift in Sources */,
				1587395822B9E16A00F36F92 /* PaymentPopUp.swift in Sources */,
			);
			runOnlyForDeploymentPostprocessing = 0;
		};
/* End PBXSourcesBuildPhase section */

/* Begin PBXVariantGroup section */
		15B86B6122AA044000110C06 /* LaunchScreen.storyboard */ = {
			isa = PBXVariantGroup;
			children = (
				15B86B6222AA044000110C06 /* Base */,
			);
			name = LaunchScreen.storyboard;
			sourceTree = "<group>";
		};
/* End PBXVariantGroup section */

/* Begin XCBuildConfiguration section */
		15B86B6522AA044000110C06 /* Debug */ = {
			isa = XCBuildConfiguration;
			buildSettings = {
				ALWAYS_SEARCH_USER_PATHS = NO;
				CLANG_ANALYZER_NONNULL = YES;
				CLANG_ANALYZER_NUMBER_OBJECT_CONVERSION = YES_AGGRESSIVE;
				CLANG_CXX_LANGUAGE_STANDARD = "gnu++14";
				CLANG_CXX_LIBRARY = "libc++";
				CLANG_ENABLE_MODULES = YES;
				CLANG_ENABLE_OBJC_ARC = YES;
				CLANG_ENABLE_OBJC_WEAK = YES;
				CLANG_WARN_BLOCK_CAPTURE_AUTORELEASING = YES;
				CLANG_WARN_BOOL_CONVERSION = YES;
				CLANG_WARN_COMMA = YES;
				CLANG_WARN_CONSTANT_CONVERSION = YES;
				CLANG_WARN_DEPRECATED_OBJC_IMPLEMENTATIONS = YES;
				CLANG_WARN_DIRECT_OBJC_ISA_USAGE = YES_ERROR;
				CLANG_WARN_DOCUMENTATION_COMMENTS = YES;
				CLANG_WARN_EMPTY_BODY = YES;
				CLANG_WARN_ENUM_CONVERSION = YES;
				CLANG_WARN_INFINITE_RECURSION = YES;
				CLANG_WARN_INT_CONVERSION = YES;
				CLANG_WARN_NON_LITERAL_NULL_CONVERSION = YES;
				CLANG_WARN_OBJC_IMPLICIT_RETAIN_SELF = YES;
				CLANG_WARN_OBJC_LITERAL_CONVERSION = YES;
				CLANG_WARN_OBJC_ROOT_CLASS = YES_ERROR;
				CLANG_WARN_RANGE_LOOP_ANALYSIS = YES;
				CLANG_WARN_STRICT_PROTOTYPES = YES;
				CLANG_WARN_SUSPICIOUS_MOVE = YES;
				CLANG_WARN_UNGUARDED_AVAILABILITY = YES_AGGRESSIVE;
				CLANG_WARN_UNREACHABLE_CODE = YES;
				CLANG_WARN__DUPLICATE_METHOD_MATCH = YES;
				CODE_SIGN_IDENTITY = "iPhone Developer";
				COPY_PHASE_STRIP = NO;
				DEBUG_INFORMATION_FORMAT = dwarf;
				ENABLE_STRICT_OBJC_MSGSEND = YES;
				ENABLE_TESTABILITY = YES;
				GCC_C_LANGUAGE_STANDARD = gnu11;
				GCC_DYNAMIC_NO_PIC = NO;
				GCC_NO_COMMON_BLOCKS = YES;
				GCC_OPTIMIZATION_LEVEL = 0;
				GCC_PREPROCESSOR_DEFINITIONS = (
					"DEBUG=1",
					"$(inherited)",
				);
				GCC_WARN_64_TO_32_BIT_CONVERSION = YES;
				GCC_WARN_ABOUT_RETURN_TYPE = YES_ERROR;
				GCC_WARN_UNDECLARED_SELECTOR = YES;
				GCC_WARN_UNINITIALIZED_AUTOS = YES_AGGRESSIVE;
				GCC_WARN_UNUSED_FUNCTION = YES;
				GCC_WARN_UNUSED_VARIABLE = YES;
				IPHONEOS_DEPLOYMENT_TARGET = 12.2;
				MTL_ENABLE_DEBUG_INFO = INCLUDE_SOURCE;
				MTL_FAST_MATH = YES;
				ONLY_ACTIVE_ARCH = YES;
				SDKROOT = iphoneos;
				SWIFT_ACTIVE_COMPILATION_CONDITIONS = DEBUG;
				SWIFT_OPTIMIZATION_LEVEL = "-Onone";
			};
			name = Debug;
		};
		15B86B6622AA044000110C06 /* Release */ = {
			isa = XCBuildConfiguration;
			buildSettings = {
				ALWAYS_SEARCH_USER_PATHS = NO;
				CLANG_ANALYZER_NONNULL = YES;
				CLANG_ANALYZER_NUMBER_OBJECT_CONVERSION = YES_AGGRESSIVE;
				CLANG_CXX_LANGUAGE_STANDARD = "gnu++14";
				CLANG_CXX_LIBRARY = "libc++";
				CLANG_ENABLE_MODULES = YES;
				CLANG_ENABLE_OBJC_ARC = YES;
				CLANG_ENABLE_OBJC_WEAK = YES;
				CLANG_WARN_BLOCK_CAPTURE_AUTORELEASING = YES;
				CLANG_WARN_BOOL_CONVERSION = YES;
				CLANG_WARN_COMMA = YES;
				CLANG_WARN_CONSTANT_CONVERSION = YES;
				CLANG_WARN_DEPRECATED_OBJC_IMPLEMENTATIONS = YES;
				CLANG_WARN_DIRECT_OBJC_ISA_USAGE = YES_ERROR;
				CLANG_WARN_DOCUMENTATION_COMMENTS = YES;
				CLANG_WARN_EMPTY_BODY = YES;
				CLANG_WARN_ENUM_CONVERSION = YES;
				CLANG_WARN_INFINITE_RECURSION = YES;
				CLANG_WARN_INT_CONVERSION = YES;
				CLANG_WARN_NON_LITERAL_NULL_CONVERSION = YES;
				CLANG_WARN_OBJC_IMPLICIT_RETAIN_SELF = YES;
				CLANG_WARN_OBJC_LITERAL_CONVERSION = YES;
				CLANG_WARN_OBJC_ROOT_CLASS = YES_ERROR;
				CLANG_WARN_RANGE_LOOP_ANALYSIS = YES;
				CLANG_WARN_STRICT_PROTOTYPES = YES;
				CLANG_WARN_SUSPICIOUS_MOVE = YES;
				CLANG_WARN_UNGUARDED_AVAILABILITY = YES_AGGRESSIVE;
				CLANG_WARN_UNREACHABLE_CODE = YES;
				CLANG_WARN__DUPLICATE_METHOD_MATCH = YES;
				CODE_SIGN_IDENTITY = "iPhone Developer";
				COPY_PHASE_STRIP = NO;
				DEBUG_INFORMATION_FORMAT = "dwarf-with-dsym";
				ENABLE_NS_ASSERTIONS = NO;
				ENABLE_STRICT_OBJC_MSGSEND = YES;
				GCC_C_LANGUAGE_STANDARD = gnu11;
				GCC_NO_COMMON_BLOCKS = YES;
				GCC_WARN_64_TO_32_BIT_CONVERSION = YES;
				GCC_WARN_ABOUT_RETURN_TYPE = YES_ERROR;
				GCC_WARN_UNDECLARED_SELECTOR = YES;
				GCC_WARN_UNINITIALIZED_AUTOS = YES_AGGRESSIVE;
				GCC_WARN_UNUSED_FUNCTION = YES;
				GCC_WARN_UNUSED_VARIABLE = YES;
				IPHONEOS_DEPLOYMENT_TARGET = 12.2;
				MTL_ENABLE_DEBUG_INFO = NO;
				MTL_FAST_MATH = YES;
				SDKROOT = iphoneos;
				SWIFT_COMPILATION_MODE = wholemodule;
				SWIFT_OPTIMIZATION_LEVEL = "-O";
				VALIDATE_PRODUCT = YES;
			};
			name = Release;
		};
		15B86B6822AA044000110C06 /* Debug */ = {
			isa = XCBuildConfiguration;
			baseConfigurationReference = CD32284C64790E491D04155B /* Pods-AliceX.debug.xcconfig */;
			buildSettings = {
				ASSETCATALOG_COMPILER_APPICON_NAME = AppIcon;
				CLANG_ENABLE_MODULES = YES;
				CODE_SIGN_ENTITLEMENTS = AliceX/AliceX.entitlements;
				CODE_SIGN_STYLE = Automatic;
				DEVELOPMENT_TEAM = 47Q6KQQW55;
				INFOPLIST_FILE = AliceX/Support/Info.plist;
				IPHONEOS_DEPLOYMENT_TARGET = 10.0;
				LD_RUNPATH_SEARCH_PATHS = (
					"$(inherited)",
					"@executable_path/Frameworks",
				);
				PRODUCT_BUNDLE_IDENTIFIER = com.alice.dapp;
				PRODUCT_NAME = "$(TARGET_NAME)";
				SWIFT_OBJC_BRIDGING_HEADER = "AliceX/ReactNative/AliceX-Bridging-Header.h";
				SWIFT_OPTIMIZATION_LEVEL = "-Onone";
				SWIFT_VERSION = 5.0;
				TARGETED_DEVICE_FAMILY = "1,2";
			};
			name = Debug;
		};
		15B86B6922AA044000110C06 /* Release */ = {
			isa = XCBuildConfiguration;
			baseConfigurationReference = 57DB9A04430958D600B66500 /* Pods-AliceX.release.xcconfig */;
			buildSettings = {
				ASSETCATALOG_COMPILER_APPICON_NAME = AppIcon;
				CLANG_ENABLE_MODULES = YES;
				CODE_SIGN_ENTITLEMENTS = AliceX/AliceX.entitlements;
				CODE_SIGN_STYLE = Automatic;
				DEVELOPMENT_TEAM = 47Q6KQQW55;
				GCC_OPTIMIZATION_LEVEL = 0;
				INFOPLIST_FILE = AliceX/Support/Info.plist;
				IPHONEOS_DEPLOYMENT_TARGET = 10.0;
				LD_RUNPATH_SEARCH_PATHS = (
					"$(inherited)",
					"@executable_path/Frameworks",
				);
				PRODUCT_BUNDLE_IDENTIFIER = com.alice.dapp;
				PRODUCT_NAME = "$(TARGET_NAME)";
				SWIFT_COMPILATION_MODE = wholemodule;
				SWIFT_OBJC_BRIDGING_HEADER = "AliceX/ReactNative/AliceX-Bridging-Header.h";
				SWIFT_OPTIMIZATION_LEVEL = "-Osize";
				SWIFT_VERSION = 5.0;
				TARGETED_DEVICE_FAMILY = "1,2";
			};
			name = Release;
		};
/* End XCBuildConfiguration section */

/* Begin XCConfigurationList section */
		15B86B5022AA043F00110C06 /* Build configuration list for PBXProject "AliceX" */ = {
			isa = XCConfigurationList;
			buildConfigurations = (
				15B86B6522AA044000110C06 /* Debug */,
				15B86B6622AA044000110C06 /* Release */,
			);
			defaultConfigurationIsVisible = 0;
			defaultConfigurationName = Release;
		};
		15B86B6722AA044000110C06 /* Build configuration list for PBXNativeTarget "AliceX" */ = {
			isa = XCConfigurationList;
			buildConfigurations = (
				15B86B6822AA044000110C06 /* Debug */,
				15B86B6922AA044000110C06 /* Release */,
			);
			defaultConfigurationIsVisible = 0;
			defaultConfigurationName = Release;
		};
/* End XCConfigurationList section */
	};
	rootObject = 15B86B4D22AA043F00110C06 /* Project object */;
}
